
Microsoft Visual Studio Solution File, Format Version 12.00
# Visual Studio 15
VisualStudioVersion = 15.0.26730.3
MinimumVisualStudioVersion = 10.0.40219.1
Project("{2150E333-8FDC-42A3-9474-1A3956D46DE8}") = "02Redis系列", "02Redis系列", "{813495A3-956D-46E1-B3F0-27B061B5527A}"
EndProject
Project("{FAE04EC0-301F-11D3-BF4B-00C04F79EFBC}") = "01.redis整体概况介绍以及在出现之前所面临的一些生产场景的问题困惑", "02Redis系列\01.redis整体概况介绍以及在出现之前所面临的一些生产场景的问题困惑\01.redis整体概况介绍以及在出现之前所面临的一些生产场景的问题困惑.csproj", "{E03F2A00-3E17-401E-87CD-F352BD4D418D}"
EndProject
Project("{FAE04EC0-301F-11D3-BF4B-00C04F79EFBC}") = "02.快速搭建之如何使用redis在centos和windows环境下配置和初步使用", "02Redis系列\02.快速搭建之如何使用redis在centos和windows环境下配置和初步使用\02.快速搭建之如何使用redis在centos和windows环境下配置和初步使用.csproj", "{74EE4430-268F-46B7-9FD0-185774CBE255}"
EndProject
Project("{2150E333-8FDC-42A3-9474-1A3956D46DE8}") = "Solution Items", "Solution Items", "{1627FBDB-D8C2-4D07-8187-824F47A88A5A}"
	ProjectSection(SolutionItems) = preProject
		术语集合.txt = 术语集合.txt
		模式的归纳与演绎.txt = 模式的归纳与演绎.txt
	EndProjectSection
EndProject
Project("{FAE04EC0-301F-11D3-BF4B-00C04F79EFBC}") = "03.解读强大的redis.conf配置文件在network,general,security等方面的配置和应该注意的事项", "02Redis系列\03.解读强大的redis.conf配置文件在network,general,security等方面的配置和应该注意的事项\03.解读强大的redis.conf配置文件在network,general,security等方面的配置和应该注意的事项.csproj", "{EFEF4C1D-790A-4CAE-A868-F512C38182B5}"
EndProject
Project("{FAE04EC0-301F-11D3-BF4B-00C04F79EFBC}") = "04.驱动尝试之下载Java的jedis和CSharp的StackExchange.Redis驱动连接redis", "02Redis系列\04.驱动尝试之下载Java的jedis和CSharp的StackExchange.Redis驱动连接redis\04.驱动尝试之下载Java的jedis和CSharp的StackExchange.Redis驱动连接redis.csproj", "{D44FF089-C5E8-4F63-826B-0AEB17E8F7DB}"
EndProject
Project("{FAE04EC0-301F-11D3-BF4B-00C04F79EFBC}") = "05.redis源码概况认知之理解SDS,RedisObject,RedisDb,RedisServer四大结构体", "02Redis系列\05.redis源码概况认知之理解SDS,RedisObject,RedisDb,RedisServer四大结构体\05.redis源码概况认知之理解SDS,RedisObject,RedisDb,RedisServer四大结构体.csproj", "{0513653F-CC90-4D48-B4C6-207F380B0C34}"
EndProject
Project("{FAE04EC0-301F-11D3-BF4B-00C04F79EFBC}") = "06.redis数据结构之【String类型】中基本操作命令之[M]Set[NX],[M]Get[NX],Decr,Incr和源码简析", "02Redis系列\06.redis数据结构之【String类型】中基本操作命令之[M]Set[NX],[M]Get[NX],Decr,Incr和源码简析\06.redis数据结构之【String类型】中基本操作命令之[M]Set[NX],[M]Get[NX],Decr,Incr和源码简析.csproj", "{2E5E637B-CB4C-45DC-8A2E-10C944BB641F}"
EndProject
Project("{FAE04EC0-301F-11D3-BF4B-00C04F79EFBC}") = "07.redis数据结构之【String类型】中过期命令PSetEx,和工具命令StrLen,SetRange,和源码", "02Redis系列\07.redis数据结构之【String类型】中过期命令PSetEx,和工具命令StrLen,SetRange,和源码\07.redis数据结构之【String类型】中过期命令PSetEx,和工具命令StrLen,SetRange,和源码.csproj", "{E125AE52-EEBF-4E0A-815B-E394C624F03A}"
EndProject
Project("{FAE04EC0-301F-11D3-BF4B-00C04F79EFBC}") = "08.redis数据结构之【String类型】中二进制【BitCount】命令在我们生产环境中空间压缩实战", "02Redis系列\08.redis数据结构之【String类型】中二进制【BitCount】命令在我们生产环境中空间压缩实战\08.redis数据结构之【String类型】中二进制【BitCount】命令在我们生产环境中空间压缩实战.csproj", "{6A9C6F1D-290B-4D21-9D05-4879016B6448}"
EndProject
Project("{FAE04EC0-301F-11D3-BF4B-00C04F79EFBC}") = "09.redis数据结构之【List双向链表】源码实现中的listNode实现以及常见的LPUSH,LPOP等命令实战", "02Redis系列\09.redis数据结构之【List双向链表】源码实现中的listNode实现以及常见的LPUSH,LPOP等命令实战\09.redis数据结构之【List双向链表】源码实现中的listNode实现以及常见的LPUSH,LPOP等命令实战.csproj", "{8E77386A-5585-438D-8603-EB475ED572FF}"
EndProject
Project("{FAE04EC0-301F-11D3-BF4B-00C04F79EFBC}") = "10.redis数据结构之【List双向链表】中阻塞版本之BLPOP,BRPOP和工具类LIndex,LINSERT,LRange命令介绍", "02Redis系列\10.redis数据结构之【List双向链表】中阻塞版本之BLPOP,BRPOP和工具类LIndex,LINSERT,LRange命令介绍\10.redis数据结构之【List双向链表】中阻塞版本之BLPOP,BRPOP和工具类LIndex,LINSERT,LRange命令介绍.csproj", "{FC30B261-B9F1-4B03-8D9D-223108A5F1BE}"
EndProject
Project("{FAE04EC0-301F-11D3-BF4B-00C04F79EFBC}") = "11.redis数据结构之【Hash表】源码实现之dict,dictht,dictEntry结构体分析以及常用的HGet,命令介绍和源码简析", "02Redis系列\11.redis数据结构之【Hash表】源码实现之dict,dictht,dictEntry结构体分析以及常用的HGet,命令介绍和源码简析\11.redis数据结构之【Hash表】源码实现之dict,dictht,dictEntry结构体分析以及常用的HGet,命令介绍和源码简析.csproj", "{8BF80798-90AB-4C40-A666-27B4478E08E1}"
EndProject
Project("{FAE04EC0-301F-11D3-BF4B-00C04F79EFBC}") = "12.redis数据结构之【Hash表】常用的HDEL,HGET,HGETALL,HKEYS,HLEN等10几个命令介绍", "02Redis系列\12.redis数据结构之【Hash表】常用的HDEL,HGET,HGETALL,HKEYS,HLEN等10几个命令介绍\12.redis数据结构之【Hash表】常用的HDEL,HGET,HGETALL,HKEYS,HLEN等10几个命令介绍.csproj", "{33701449-593D-424E-809D-39B4312824CA}"
EndProject
Project("{FAE04EC0-301F-11D3-BF4B-00C04F79EFBC}") = "13.redis数据结构之【Set集合】真实千人千面智能化推荐场景中SADD,SISMEMBER实现Query高性能实战", "02Redis系列\13.redis数据结构之【Set集合】真实千人千面智能化推荐场景中SADD,SISMEMBER实现Query高性能实战\13.redis数据结构之【Set集合】真实千人千面智能化推荐场景中SADD,SISMEMBER实现Query高性能实战.csproj", "{B031DD0A-8BF4-4A00-B2A4-D6352C8DF3B3}"
EndProject
Project("{FAE04EC0-301F-11D3-BF4B-00C04F79EFBC}") = "14.redis数据结构之【SortedSet跳跃表】常见的ZADD,ZCOUNT,ZREMRangeByRank命令介绍和源码简析", "02Redis系列\14.redis数据结构之【SortedSet跳跃表】常见的ZADD,ZCOUNT,ZREMRangeByRank命令介绍和源码简析\14.redis数据结构之【SortedSet跳跃表】常见的ZADD,ZCOUNT,ZREMRangeByRank命令介绍和源码简析.csproj", "{B23D1F55-ACDA-4687-9F47-9FAD612E6635}"
EndProject
Project("{FAE04EC0-301F-11D3-BF4B-00C04F79EFBC}") = "15.redis数据结构之【HyperLogLog估算基数】和key空间的Sort函数在Redis中的实战", "02Redis系列\15.redis数据结构之【HyperLogLog估算基数】和key空间的Sort函数在Redis中的实战\15.redis数据结构之【HyperLogLog估算基数】和key空间的Sort函数在Redis中的实战.csproj", "{6ED7390B-E67E-4048-963F-77B9572EB703}"
EndProject
Project("{FAE04EC0-301F-11D3-BF4B-00C04F79EFBC}") = "16.transaction事务之如何通过exec,multi,watch在redis中进行简单的commit和rollback操作", "02Redis系列\16.transaction事务之如何通过exec,multi,watch在redis中进行简单的commit和rollback操作\16.transaction事务之如何通过exec,multi,watch在redis中进行简单的commit和rollback操作.csproj", "{18438DFC-356C-4AA8-82C4-FC0A550115DE}"
EndProject
Project("{FAE04EC0-301F-11D3-BF4B-00C04F79EFBC}") = "17.基于观察者模式的publish,subscribe发布订阅模式之Publish,PubSub,[P]Subscribe命令和源码分析", "02Redis系列\17.基于观察者模式的publish,subscribe发布订阅模式之Publish,PubSub,[P]Subscribe命令和源码分析\17.基于观察者模式的publish,subscribe发布订阅模式之Publish,PubSub,[P]Subscribe命令和源码分析.csproj", "{211AD425-A1A7-4B0C-B3FA-4633903286B4}"
EndProject
Project("{FAE04EC0-301F-11D3-BF4B-00C04F79EFBC}") = "18.redis过期键淘汰策略以及实现CacheMemory中的LRU算法和config文件配置解析", "02Redis系列\18.redis过期键淘汰策略以及实现CacheMemory中的LRU算法和config文件配置解析\18.redis过期键淘汰策略以及实现CacheMemory中的LRU算法和config文件配置解析.csproj", "{CA9AB454-0E21-403F-84D0-4B3F1B05AE7E}"
EndProject
Project("{FAE04EC0-301F-11D3-BF4B-00C04F79EFBC}") = "19.batchcommit性能优化之Pipeline管道模式介绍之如何使用使用CSharp和JAVA实现及通过Wireshark监视", "02Redis系列\19.batchcommit性能优化之Pipeline管道模式介绍之如何使用使用CSharp和JAVA实现及通过Wireshark监视\19.batchcommit性能优化之Pipeline管道模式介绍之如何使用使用CSharp和JAVA实现及通过Wireshark监视.csproj", "{DE9D4203-CB95-40F1-A962-83399B17C21C}"
EndProject
Project("{FAE04EC0-301F-11D3-BF4B-00C04F79EFBC}") = "20.使用Lua脚本实现对redis操作的高度自定义化及”集合去重”，“删除hash中小于某个阈值”等使用场景分析和代码展示", "02Redis系列\20.使用Lua脚本实现对redis操作的高度自定义化及”集合去重”，“删除hash中小于某个阈值”等使用场景分析和代码展示\20.使用Lua脚本实现对redis操作的高度自定义化及”集合去重”，“删除hash中小于某个阈值”等使用场景分析和代码展示.csproj", "{EF1E8D26-5FB8-477B-98F4-87E7AC6B6888}"
EndProject
Project("{FAE04EC0-301F-11D3-BF4B-00C04F79EFBC}") = "21.理解redis中的数据持久化原理之两大常用手段【AOF模式和RDB模式】介绍和分析", "02Redis系列\21.理解redis中的数据持久化原理之两大常用手段【AOF模式和RDB模式】介绍和分析\21.理解redis中的数据持久化原理之两大常用手段【AOF模式和RDB模式】介绍和分析.csproj", "{E56F09D5-61AA-4FC9-8969-D67CEF94DD3E}"
EndProject
Project("{FAE04EC0-301F-11D3-BF4B-00C04F79EFBC}") = "22.redis集群操作之通过slaveof和config配置实现master-slave主从复制模式以及使用CSharp语言驱动落地实战", "02Redis系列\22.redis集群操作之通过slaveof和config配置实现master-slave主从复制模式以及使用CSharp语言驱动落地实战\22.redis集群操作之通过slaveof和config配置实现master-slave主从复制模式以及使用CSharp语言驱动落地实战.csproj", "{96AAD287-A377-4C3D-BA9C-D5CB99E64F9F}"
EndProject
Project("{FAE04EC0-301F-11D3-BF4B-00C04F79EFBC}") = "23.redis集群操作之使用四台Centos搭建高可用的sentinel哨兵架构实战", "02Redis系列\23.redis集群操作之使用四台Centos搭建高可用的sentinel哨兵架构实战\23.redis集群操作之使用四台Centos搭建高可用的sentinel哨兵架构实战.csproj", "{CD8CCEBE-4B92-4BED-B652-CA7FBFBF89E9}"
EndProject
Project("{FAE04EC0-301F-11D3-BF4B-00C04F79EFBC}") = "24.使用RedisLive dashboard 实现对Redis的高效实时可视化监控的环境配置和RedisClient的可视化工具使用实战", "02Redis系列\24.使用RedisLive dashboard 实现对Redis的高效实时可视化监控的环境配置和RedisClient的可视化工具使用实战\24.使用RedisLive dashboard 实现对Redis的高效实时可视化监控的环境配置和RedisClient的可视化工具使用实战.csproj", "{404943F8-0F03-46F5-A27B-ADF9309FFDA6}"
EndProject
Project("{FAE04EC0-301F-11D3-BF4B-00C04F79EFBC}") = "25.redis集群操作之搭建cluster集群及通过slot机制实现redis的高可用,高负载,高性能模型以及使用CSharp客户端落地实战", "02Redis系列\25.redis集群操作之搭建cluster集群及通过slot机制实现redis的高可用,高负载,高性能模型以及使用CSharp客户端落地实战\25.redis集群操作之搭建cluster集群及通过slot机制实现redis的高可用,高负载,高性能模型以及使用CSharp客户端落地实战.csproj", "{19F1E7DC-1627-487A-8173-9F63B1DB817C}"
EndProject
Project("{2150E333-8FDC-42A3-9474-1A3956D46DE8}") = "01Memcached系列", "01Memcached系列", "{C1DB2FD5-1020-4458-B396-EB42040CB2F7}"
EndProject
Project("{2150E333-8FDC-42A3-9474-1A3956D46DE8}") = "03Mongodb系列", "03Mongodb系列", "{7C8FE5F5-51ED-44ED-8D15-6A53978F5E3A}"
EndProject
Project("{2150E333-8FDC-42A3-9474-1A3956D46DE8}") = "04Rabbitmq系列", "04Rabbitmq系列", "{9E4381FC-DA9E-4FF5-B850-CB03CB4A2DBF}"
EndProject
Project("{2150E333-8FDC-42A3-9474-1A3956D46DE8}") = "05Quartz系列", "05Quartz系列", "{3D11294E-CBE2-453C-8D6F-0B6764D2A835}"
EndProject
Project("{2150E333-8FDC-42A3-9474-1A3956D46DE8}") = "06Zookeeper系列", "06Zookeeper系列", "{6276EB8B-A79B-485E-B10A-76B873DF0EE0}"
EndProject
Project("{2150E333-8FDC-42A3-9474-1A3956D46DE8}") = "07Wcf系列", "07Wcf系列", "{F1C3FFE5-EAE8-4B40-9551-68EA57046448}"
EndProject
Project("{2150E333-8FDC-42A3-9474-1A3956D46DE8}") = "08设计模式系列", "08设计模式系列", "{8CFD6937-10CC-4FB2-9B74-D2EB267ABE8B}"
EndProject
Project("{2150E333-8FDC-42A3-9474-1A3956D46DE8}") = "09多线程系列", "09多线程系列", "{1AC55BD6-437A-4D6D-9D38-068766FF4F00}"
EndProject
Project("{FAE04EC0-301F-11D3-BF4B-00C04F79EFBC}") = "01Memcached系列", "01Memcached系列\Memcached系列\01Memcached系列.csproj", "{954C798A-0C24-4570-BCA6-91B4B7DBEFD6}"
EndProject
Project("{FAE04EC0-301F-11D3-BF4B-00C04F79EFBC}") = "test", "test\test.csproj", "{ADACC5A3-915C-4135-B9EA-7603D8DA09D8}"
EndProject
Project("{FAE04EC0-301F-11D3-BF4B-00C04F79EFBC}") = "01.准备工作之下载centos,mongodb,GUI安装和介绍", "03MongoDb系列\01.准备工作之下载centos,mongodb,GUI安装和介绍\01.准备工作之下载centos,mongodb,GUI安装和介绍.csproj", "{A9B1EDD9-2E17-4A08-B84A-7F4C42082F05}"
EndProject
Project("{FAE04EC0-301F-11D3-BF4B-00C04F79EFBC}") = "02.Databases和Collections,Document概念分析", "03MongoDb系列\02.Databases和Collections,Document概念分析\02.Databases和Collections,Document概念分析.csproj", "{5229A80F-2216-43C0-A821-D30F4B3048A5}"
EndProject
Project("{FAE04EC0-301F-11D3-BF4B-00C04F79EFBC}") = "03.Capped Collections介绍及生产环境之疲劳度过滤,日志应用", "03MongoDb系列\03.Capped Collections介绍及生产环境之疲劳度过滤,日志应用\03.Capped Collections介绍及生产环境之疲劳度过滤,日志应用.csproj", "{8D503D66-2D3A-459C-AAAC-72AC023754D3}"
EndProject
Project("{FAE04EC0-301F-11D3-BF4B-00C04F79EFBC}") = "04.Bson结构解析以及$type和_id原理详细分析", "03MongoDb系列\04.Bson结构解析以及$type和_id原理详细分析\04.Bson结构解析以及$type和_id原理详细分析.csproj", "{FE7B8BAA-0625-4482-BDA6-E707595C5AE8}"
EndProject
Project("{FAE04EC0-301F-11D3-BF4B-00C04F79EFBC}") = "05.mongodb shell使用loadjs与mongodb高速交互分析", "03MongoDb系列\05.mongodb shell使用loadjs与mongodb高速交互分析\05.mongodb shell使用loadjs与mongodb高速交互分析.csproj", "{E4FC607D-56CF-45D7-AFEF-87BEED7B00E6}"
EndProject
Project("{FAE04EC0-301F-11D3-BF4B-00C04F79EFBC}") = "06.高频咨询之sql statement 和mongodb statement对照分析和记忆", "03MongoDb系列\06.高频咨询之sql statement 和mongodb statement对照分析和记忆\06.高频咨询之sql statement 和mongodb statement对照分析和记忆.csproj", "{6B9D71B2-C48B-4A06-9D07-B4BB2BD88217}"
EndProject
Project("{FAE04EC0-301F-11D3-BF4B-00C04F79EFBC}") = "07.mongodb之比较运算符详解($eq,$gt,$lt,$ne,$in,$nin)", "03MongoDb系列\07.mongodb之比较运算符详解($eq,$gt,$lt,$ne,$in,$nin)\07.mongodb之比较运算符详解($eq,$gt,$lt,$ne,$in,$nin).csproj", "{60CC816F-304D-4013-A6AE-039411B73B8E}"
EndProject
Project("{FAE04EC0-301F-11D3-BF4B-00C04F79EFBC}") = "08.mongodb之逻辑和运算运算符详解($or,$and,$not,$nor,$exists,$type)", "03MongoDb系列\08.mongodb之逻辑和运算运算符详解($or,$and,$not,$nor,$exists,$type)\08.mongodb之逻辑和运算运算符详解($or,$and,$not,$nor,$exists,$type).csproj", "{095998EB-3526-43EB-A1E9-23CAF9FC3BC0}"
EndProject
Project("{FAE04EC0-301F-11D3-BF4B-00C04F79EFBC}") = "09.mongodb之评估运算符($mod,$regex,$text,$where,$all,$elemMatch,$size)", "03MongoDb系列\09.mongodb之评估运算符($mod,$regex,$text,$where,$all,$elemMatch,$size)\09.mongodb之评估运算符($mod,$regex,$text,$where,$all,$elemMatch,$size).csproj", "{573A0967-29A6-4D26-919B-897D251308EC}"
EndProject
Project("{FAE04EC0-301F-11D3-BF4B-00C04F79EFBC}") = "10.mongodb之update运算符分析一($inc,$mul,$rename,$setOnInsert)", "03MongoDb系列\10.mongodb之update运算符分析一($inc,$mul,$rename,$setOnInsert)\10.mongodb之update运算符分析一($inc,$mul,$rename,$setOnInsert).csproj", "{5D0DD3F5-CF3C-49E7-B9EE-11BAB41AF9D2}"
EndProject
Project("{FAE04EC0-301F-11D3-BF4B-00C04F79EFBC}") = "11.mongodb之update运算符分析二($set,$unset,$min,$max,$currentDate)", "03MongoDb系列\11.mongodb之update运算符分析二($set,$unset,$min,$max,$currentDate)\11.mongodb之update运算符分析二($set,$unset,$min,$max,$currentDate).csproj", "{7583D59D-7CBC-4FBC-854A-DFEF014D2F1B}"
EndProject
Project("{FAE04EC0-301F-11D3-BF4B-00C04F79EFBC}") = "12.mongodb之数组操作运算符分析($,$addToSet,$pop,$pull,$pullAll,$pushAll,$push)", "03MongoDb系列\12.mongodb之数组操作运算符分析($,$addToSet,$pop,$pull,$pullAll,$pushAll,$push)\12.mongodb之数组操作运算符分析($,$addToSet,$pop,$pull,$pullAll,$pushAll,$push).csproj", "{57AEB4D4-D106-498B-AD4B-5503C308F2BB}"
EndProject
Project("{FAE04EC0-301F-11D3-BF4B-00C04F79EFBC}") = "13.mongodb之数组操作运算符和位运算分析($each,$slice,$sort,$position,$bit)", "03MongoDb系列\13.mongodb之数组操作运算符和位运算分析($each,$slice,$sort,$position,$bit)\13.mongodb之数组操作运算符和位运算分析($each,$slice,$sort,$position,$bit).csproj", "{DC611458-59D1-429D-9006-434B13C61215}"
EndProject
Project("{FAE04EC0-301F-11D3-BF4B-00C04F79EFBC}") = "14.mongodb之CURD众方法详解之Insert,Find[One,Many,Replace]分析", "03MongoDb系列\14.mongodb之CURD众方法详解之Insert,Find[One,Many,Replace]分析\14.mongodb之CURD众方法详解之Insert,Find[One,Many,Replace]分析.csproj", "{92E1EFBE-860E-4D4F-9011-0357AF610D3F}"
EndProject
Project("{FAE04EC0-301F-11D3-BF4B-00C04F79EFBC}") = "15.mongodb之CURD众方法详解之Bulk,Update,Delete[One,Many]分析", "03MongoDb系列\15.mongodb之CURD众方法详解之Bulk,Update,Delete[One,Many]分析\15.mongodb之CURD众方法详解之Bulk,Update,Delete[One,Many]分析.csproj", "{2856929D-BBB1-4093-9696-C73A65ED0E63}"
EndProject
Project("{FAE04EC0-301F-11D3-BF4B-00C04F79EFBC}") = "16.mongodb索引之Index索引原理分析之创建single field indexes分析", "03MongoDb系列\16.mongodb索引之Index索引原理分析之创建single field indexes分析\16.mongodb索引之Index索引原理分析之创建single field indexes分析.csproj", "{02548777-349B-43A2-9CAB-D19EAF310256}"
EndProject
Project("{FAE04EC0-301F-11D3-BF4B-00C04F79EFBC}") = "17.mongodb索引之使用multikey,hashIndex,paritalIndex索引分析", "03MongoDb系列\17.mongodb索引之使用multikey,hashIndex,paritalIndex索引分析\17.mongodb索引之使用multikey,hashIndex,paritalIndex索引分析.csproj", "{6E9F5426-CC37-4163-A825-C6C2D7103DE4}"
EndProject
Project("{FAE04EC0-301F-11D3-BF4B-00C04F79EFBC}") = "18.mongodb索引之使用sparseIndex及ttlIndex及我们生产二次营销场景分析", "03MongoDb系列\18.mongodb索引之使用sparseIndex及ttlIndex及我们生产二次营销场景分析\18.mongodb索引之使用sparseIndex及ttlIndex及我们生产二次营销场景分析.csproj", "{12E4D5A8-AD6D-4D9B-8FAE-F4FBB34AF06B}"
EndProject
Project("{FAE04EC0-301F-11D3-BF4B-00C04F79EFBC}") = "19.mongodb索引管理【create,Drop,ReBuild,GetAll】等操作分析", "03MongoDb系列\19.mongodb索引管理【create,Drop,ReBuild,GetAll】等操作分析\19.mongodb索引管理【create,Drop,ReBuild,GetAll】等操作分析.csproj", "{16D04962-A093-49D4-AAE2-8EF5005BE881}"
EndProject
Project("{FAE04EC0-301F-11D3-BF4B-00C04F79EFBC}") = "20.mongodb索引之Query plan及官方对index的策略分析", "03MongoDb系列\20.mongodb索引之Query plan及官方对index的策略分析\20.mongodb索引之Query plan及官方对index的策略分析.csproj", "{7A263C42-5206-491B-849B-31E13D55A069}"
EndProject
Project("{FAE04EC0-301F-11D3-BF4B-00C04F79EFBC}") = "21.分布式文件存储利器之GridFS分析和mongofiles工具介绍", "03MongoDb系列\21.分布式文件存储利器之GridFS分析和mongofiles工具介绍\21.分布式文件存储利器之GridFS分析和mongofiles工具介绍.csproj", "{D73F117F-33EC-474E-A9F7-224CEA1CD779}"
EndProject
Project("{FAE04EC0-301F-11D3-BF4B-00C04F79EFBC}") = "22.mongodb之重量级Aggregation Pipeline框架详细分析", "03MongoDb系列\22.mongodb之重量级Aggregation Pipeline框架详细分析\22.mongodb之重量级Aggregation Pipeline框架详细分析.csproj", "{670392A4-9A23-41D7-845B-D77C34079DEE}"
EndProject
Project("{FAE04EC0-301F-11D3-BF4B-00C04F79EFBC}") = "23.mongodb之轻量级聚合框架之db.collections.group详解", "03MongoDb系列\23.mongodb之轻量级聚合框架之db.collections.group详解\23.mongodb之轻量级聚合框架之db.collections.group详解.csproj", "{355E76EA-CB73-40EE-948F-D1D123831D8A}"
EndProject
Project("{FAE04EC0-301F-11D3-BF4B-00C04F79EFBC}") = "24.mongodb之分布式计算框架MapReduce讲解", "03MongoDb系列\24.mongodb之分布式计算框架MapReduce讲解\24.mongodb之分布式计算框架MapReduce讲解.csproj", "{58C3EB96-0AB9-4F7A-9378-D920B603E453}"
EndProject
Project("{FAE04EC0-301F-11D3-BF4B-00C04F79EFBC}") = "25.mongodb存储之WiredTiger,MMap,In-Memory三种存储引擎性能分析", "03MongoDb系列\25.mongodb存储之WiredTiger,MMap,In-Memory三种存储引擎性能分析\25.mongodb存储之WiredTiger,MMap,In-Memory三种存储引擎性能分析.csproj", "{7D21B967-635B-4423-9476-1F4A6C53E37E}"
EndProject
Project("{FAE04EC0-301F-11D3-BF4B-00C04F79EFBC}") = "26.mongodb分布式部署之使用Master-Slave集群", "03MongoDb系列\26.mongodb分布式部署之使用Master-Slave集群\26.mongodb分布式部署之使用Master-Slave集群.csproj", "{32B52CEE-5D02-4904-A259-99C64E2043AA}"
EndProject
Project("{FAE04EC0-301F-11D3-BF4B-00C04F79EFBC}") = "27.mongodb分布式部署之ReplicaSet集群（我们生产已经使用到的）", "03MongoDb系列\27.mongodb分布式部署之ReplicaSet集群（我们生产已经使用到的）\27.mongodb分布式部署之ReplicaSet集群（我们生产已经使用到的）.csproj", "{6EA37C86-8CB2-44E0-9E4E-2ED1572ABC78}"
EndProject
Project("{FAE04EC0-301F-11D3-BF4B-00C04F79EFBC}") = "28.mongodb分布式部署之mongodb Sharding分片终极之海量数据部署", "03MongoDb系列\28.mongodb分布式部署之mongodb Sharding分片终极之海量数据部署\28.mongodb分布式部署之mongodb Sharding分片终极之海量数据部署.csproj", "{508BC4C8-8BC1-4ADC-BC29-A90577FC6D12}"
EndProject
Project("{FAE04EC0-301F-11D3-BF4B-00C04F79EFBC}") = "29.运维必备之mongostat,mongotop,HttpConsole实时监控mongodb", "03MongoDb系列\29.运维必备之mongostat,mongotop,HttpConsole实时监控mongodb\29.运维必备之mongostat,mongotop,HttpConsole实时监控mongodb.csproj", "{8D84BBB5-6540-452A-A03C-EECDFD424719}"
EndProject
Project("{FAE04EC0-301F-11D3-BF4B-00C04F79EFBC}") = "30.CSharp,Java驱动下载之连接我们的mongodb进行高效开发", "03MongoDb系列\30.CSharp,Java驱动下载之连接我们的mongodb进行高效开发\30.CSharp,Java驱动下载之连接我们的mongodb进行高效开发.csproj", "{D7F64CD8-5FFC-4453-96E8-A8C2771062AA}"
EndProject
Project("{FAE04EC0-301F-11D3-BF4B-00C04F79EFBC}") = "01.Thread基础之从windbg角度理解你必须知道的时间和空间上的开销", "09多线程系列\01.Thread基础之从windbg角度理解你必须知道的时间和空间上的开销\01.Thread基础之从windbg角度理解你必须知道的时间和空间上的开销.csproj", "{C2EC77E2-19A9-4385-9A17-C1111A9D397B}"
EndProject
Project("{FAE04EC0-301F-11D3-BF4B-00C04F79EFBC}") = "02.2Thread实例方法介绍之Join阻塞方法介绍", "09多线程系列\02.Thread实例方法介绍之生命周期管理的Start,Suspend,Resume,Join,Interrupt,Abort五大方法介绍\02.2Thread实例方法介绍之Join阻塞方法介绍.csproj", "{9070E2EE-7826-4F94-A0D5-ECD72B20AE53}"
EndProject
Project("{FAE04EC0-301F-11D3-BF4B-00C04F79EFBC}") = "02.1Thread实例方法介绍之生命周期管理的Start,Suspend,Resume,Join,Interrupt,Abort五大方法介绍", "09多线程系列\02.1Thread实例方法介绍之生命周期管理的Start,Suspend,Resume,Join,Interrupt,Abort五大方法介绍\02.1Thread实例方法介绍之生命周期管理的Start,Suspend,Resume,Join,Interrupt,Abort五大方法介绍.csproj", "{8375411A-4644-446B-B07E-7B96D3C2AA04}"
EndProject
Project("{FAE04EC0-301F-11D3-BF4B-00C04F79EFBC}") = "03.Thread静态方法介绍之认识三大TLS[线程本地存储]操作ThreadStatic和AllocateDataSlot等", "09多线程系列\03.Thread静态方法介绍之认识三大TLS[线程本地存储]操作ThreadStatic和AllocateDataSlot等\03.Thread静态方法介绍之认识三大TLS[线程本地存储]操作ThreadStatic和AllocateDataSlot等.csproj", "{5EB49C09-0111-4286-B33E-CFE52DB89CF2}"
EndProject
Project("{2150E333-8FDC-42A3-9474-1A3956D46DE8}") = "Tools", "Tools", "{AA31CAFD-A381-4D2C-AE2B-3DFEB6A617F2}"
	ProjectSection(SolutionItems) = preProject
		Tools\X64 Debuggers And Tools-x64_en-us.rar = Tools\X64 Debuggers And Tools-x64_en-us.rar
		Tools\X86 Debuggers And Tools-x86_en-us.rar = Tools\X86 Debuggers And Tools-x86_en-us.rar
	EndProjectSection
EndProject
Project("{FAE04EC0-301F-11D3-BF4B-00C04F79EFBC}") = "04.Thread静态方法介绍之通过经典releaseBug认识MemoryBarrier,等如何禁止编译器优化和Cache读取", "09多线程系列\04.Thread静态方法介绍之通过经典releaseBug认识MemoryBarrier,等如何禁止编译器优化和Cache读取\04.Thread静态方法介绍之通过经典releaseBug认识MemoryBarrier,等如何禁止编译器优化和Cache读取.csproj", "{74AB21DF-FF0A-4B63-A511-744BDF7778FD}"
EndProject
Project("{FAE04EC0-301F-11D3-BF4B-00C04F79EFBC}") = "05.从windbg角度理解ThreadPool和Thread的差异以及对工作线程和IO线程的工作差异分析", "09多线程系列\05.从windbg角度理解ThreadPool和Thread的差异以及对工作线程和IO线程的工作差异分析\05.从windbg角度理解ThreadPool和Thread的差异以及对工作线程和IO线程的工作差异分析.csproj", "{E2265DFC-6261-43D0-802A-B4EB3F5E5A20}"
EndProject
Project("{FAE04EC0-301F-11D3-BF4B-00C04F79EFBC}") = "06.定时任务之使用RegisterWaitForSingleObject和Timer以及专业的Quarz.Net的简要介绍", "09多线程系列\06.定时任务之使用RegisterWaitForSingleObject和Timer以及专业的Quarz.Net的简要介绍\06.定时任务之使用RegisterWaitForSingleObject和Timer以及专业的Quarz.Net的简要介绍.csproj", "{BE01A243-459B-4E8F-A330-EB353D72B99F}"
EndProject
Project("{FAE04EC0-301F-11D3-BF4B-00C04F79EFBC}") = "07.Task和Task[T]之启动任务的三大方式Run,RunSynchronously,Start,StartNew以及内部代码异同点解析", "09多线程系列\07.Task和Task[T]之启动任务的三大方式Run,RunSynchronously,Start,StartNew以及内部代码异同点解析\07.Task和Task[T]之启动任务的三大方式Run,RunSynchronously,Start,StartNew以及内部代码异同点解析.csproj", "{9C3FE873-7F3E-4B65-943C-C759EF376DC5}"
EndProject
Project("{FAE04EC0-301F-11D3-BF4B-00C04F79EFBC}") = "08.Task详解之7种阻塞方式Wait,WaitAll,WaitAny,,ContinueWith等实现任务的延续和阻塞代码解析", "09多线程系列\08.Task详解之7种阻塞方式Wait,WaitAll,WaitAny,,ContinueWith等实现任务的延续和阻塞代码解析\08.Task详解之7种阻塞方式Wait,WaitAll,WaitAny,,ContinueWith等实现任务的延续和阻塞代码解析.csproj", "{2CC513EF-FE7B-45C0-A92D-93674F8BCB13}"
EndProject
Project("{FAE04EC0-301F-11D3-BF4B-00C04F79EFBC}") = "09.Task实用枚举之TaskCreationOptions在【父子任务允许和拒绝，长任务，公平处理】上的源码分析", "09多线程系列\09.Task实用枚举之TaskCreationOptions在【父子任务允许和拒绝，长任务，公平处理】上的源码分析\09.Task实用枚举之TaskCreationOptions在【父子任务允许和拒绝，长任务，公平处理】上的源码分析.csproj", "{AF0D61B0-13AF-4044-80F6-C1792527C355}"
EndProject
Project("{FAE04EC0-301F-11D3-BF4B-00C04F79EFBC}") = "10.任务延续之使用TaskContinuationOptions在【任务延迟同线程,完成,异常,错误】等是否执行延续的逻辑代码分析", "09多线程系列\10.任务延续之使用TaskContinuationOptions在【任务延迟同线程,完成,异常,错误】等是否执行延续的逻辑代码分析\10.任务延续之使用TaskContinuationOptions在【任务延迟同线程,完成,异常,错误】等是否执行延续的逻辑代码分析.csproj", "{EB75EBEB-C48B-4857-9B56-A1EAB289BA54}"
EndProject
Project("{FAE04EC0-301F-11D3-BF4B-00C04F79EFBC}") = "11.使用CancellationTokenSource解决多任务协作式取消和超时分析", "09多线程系列\11.使用CancellationTokenSource解决多任务协作式取消和超时分析\11.使用CancellationTokenSource解决多任务协作式取消和超时分析.csproj", "{625F8648-45EC-4188-BFC1-BF1CD9EE5708}"
EndProject
Project("{FAE04EC0-301F-11D3-BF4B-00C04F79EFBC}") = "12.Task返回值和Task的异常处理之AggregateException Handle异常处理的代码实践", "09多线程系列\12.Task返回值和Task的异常处理之AggregateException Handle异常处理的代码实践\12.Task返回值和Task的异常处理之AggregateException Handle异常处理的代码实践.csproj", "{F83C7C12-5022-4CEA-9E6B-738A69B6DE70}"
EndProject
Project("{FAE04EC0-301F-11D3-BF4B-00C04F79EFBC}") = "13. 并行编程新模型之三大Parallel.For,Foreach,Invoke之使用和源码分析", "09多线程系列\13. 并行编程新模型之三大Parallel.For,Foreach,Invoke之使用和源码分析\13. 并行编程新模型之三大Parallel.For,Foreach,Invoke之使用和源码分析.csproj", "{E9729C14-5573-446C-BCCE-37FEA004C2BF}"
EndProject
Project("{FAE04EC0-301F-11D3-BF4B-00C04F79EFBC}") = "14.PLinq【AsParallel,AsOrdered】并行编程和ParallelEnumerable之对任何集合做并行执行", "09多线程系列\14.PLinq【AsParallel,AsOrdered】并行编程和ParallelEnumerable之对任何集合做并行执行\14.PLinq【AsParallel,AsOrdered】并行编程和ParallelEnumerable之对任何集合做并行执行.csproj", "{FAFF97CB-806C-4062-A35C-370CEECB49DD}"
EndProject
Project("{FAE04EC0-301F-11D3-BF4B-00C04F79EFBC}") = "15.0Task核心调度器【TaskScheduler】之线程池任务和同步上下文任务介绍以及如何自定义TaskScheduler编码实践", "09多线程系列\15.Task核心调度器【TaskScheduler】之线程池任务和同步上下文任务介绍以及如何自定义TaskScheduler编码实践\15.0Task核心调度器【TaskScheduler】之线程池任务和同步上下文任务介绍以及如何自定义TaskScheduler编码实践.csproj", "{4652BF8E-0250-4E6F-80BC-F826194348B8}"
EndProject
Project("{FAE04EC0-301F-11D3-BF4B-00C04F79EFBC}") = "15.1Task核心调度器同步上下文任务介绍", "09多线程系列\15.1Task核心调度器同步上下文任务介绍\15.1Task核心调度器同步上下文任务介绍.csproj", "{C28963F5-8B0F-467F-8370-D905AC3469AF}"
EndProject
Project("{FAE04EC0-301F-11D3-BF4B-00C04F79EFBC}") = "16.CSharp多线程模型【APM,EAP,TAP】的演变历史以及Task.Factory.FromAsyc,包装类实践", "09多线程系列\16.CSharp多线程模型【APM,EAP,TAP】的演变历史以及Task.Factory.FromAsyc,包装类实践\16.CSharp多线程模型【APM,EAP,TAP】的演变历史以及Task.Factory.FromAsyc,包装类实践.csproj", "{4717FC11-65FC-422E-AA2E-ED15BA198D60}"
EndProject
Project("{FAE04EC0-301F-11D3-BF4B-00C04F79EFBC}") = "17.0透过编译器从IL层面看异步编程await,async整个关键词的本质【最大限度的压榨IO线程，解放Work线程】", "09多线程系列\17.透过编译器从IL层面看异步编程await,async整个关键词的本质【最大限度的压榨IO线程，解放Work线程】\17.0透过编译器从IL层面看异步编程await,async整个关键词的本质【最大限度的压榨IO线程，解放Work线程】.csproj", "{F48D406B-468D-4B88-8E5E-85195F30D992}"
EndProject
Project("{FAE04EC0-301F-11D3-BF4B-00C04F79EFBC}") = "17.1源码级别来剖析Async和Await", "09多线程系列\17.1源码级别来剖析Async和Await\17.1源码级别来剖析Async和Await.csproj", "{194A404A-14A8-4CDC-8677-4BCD0F164AFE}"
EndProject
Project("{FAE04EC0-301F-11D3-BF4B-00C04F79EFBC}") = "18.线程同步之用户模式和内核模式锁的区别及InterLocked,SpinLock的使用", "09多线程系列\18.线程同步之用户模式和内核模式锁的区别及InterLocked,SpinLock的使用\18.线程同步之用户模式和内核模式锁的区别及InterLocked,SpinLock的使用.csproj", "{2E3236B2-F11F-4DB4-98CD-24180FB82305}"
EndProject
Project("{FAE04EC0-301F-11D3-BF4B-00C04F79EFBC}") = "19.内核模式锁机制之WaitHandle下事件信号量机制AutoResetEvent,,信号量Semaphore,互斥锁Mutex", "09多线程系列\19.内核模式锁机制之WaitHandle下事件信号量机制AutoResetEvent,,信号量Semaphore,互斥锁Mutex\19.内核模式锁机制之WaitHandle下事件信号量机制AutoResetEvent,,信号量Semaphore,互斥锁Mutex.csproj", "{A0A588DF-E978-4095-9835-E75FA7688779}"
EndProject
Project("{FAE04EC0-301F-11D3-BF4B-00C04F79EFBC}") = "20.内核模式锁之ReaderWriterLock读写锁和CountdownEvent动态锁编码分析", "09多线程系列\20.内核模式锁之ReaderWriterLock读写锁和CountdownEvent动态锁编码分析\20.内核模式锁之ReaderWriterLock读写锁和CountdownEvent动态锁编码分析.csproj", "{EACC55C3-A963-46BA-88F0-693BC3319D02}"
EndProject
Project("{FAE04EC0-301F-11D3-BF4B-00C04F79EFBC}") = "21.lock语法糖和Monitor的关系以及对对象同步块和CLR同步块索引的画图对其本质分析", "09多线程系列\21.lock语法糖和Monitor的关系以及对对象同步块和CLR同步块索引的画图对其本质分析\21.lock语法糖和Monitor的关系以及对对象同步块和CLR同步块索引的画图对其本质分析.csproj", "{5E5B3685-14C3-44D8-AF9A-836B81DAD95B}"
EndProject
Project("{FAE04EC0-301F-11D3-BF4B-00C04F79EFBC}") = "22.混合模式锁之对ManualResetEventSlim,SemaphoreSlim,中的原理知识分析", "09多线程系列\22.混合模式锁之对ManualResetEventSlim,SemaphoreSlim,中的原理知识分析\22.混合模式锁之对ManualResetEventSlim,SemaphoreSlim,中的原理知识分析.csproj", "{BE9E6472-7AD6-4582-AB8E-502DCDF0C59B}"
EndProject
Project("{FAE04EC0-301F-11D3-BF4B-00C04F79EFBC}") = "23.四大并发集合类ConcurrentBag Dictionary,Queue,Stack介绍以及对Bag实现进行源码分析", "09多线程系列\23.四大并发集合类ConcurrentBag Dictionary,Queue,Stack介绍以及对Bag实现进行源码分析\23.四大并发集合类ConcurrentBag Dictionary,Queue,Stack介绍以及对Bag实现进行源码分析.csproj", "{7DA7BD9F-B016-4FD9-906A-4D657BD53A2D}"
EndProject
Project("{FAE04EC0-301F-11D3-BF4B-00C04F79EFBC}") = "24.'CPU过高','死锁','内存爆满'之三大头疼问题之教你通过转储dump文件然后通过windbg分析技巧和提供宝贵经验", "09多线程系列\24.'CPU过高','死锁','内存爆满'之三大头疼问题之教你通过转储dump文件然后通过windbg分析技巧和提供宝贵经验\24.'CPU过高','死锁','内存爆满'之三大头疼问题之教你通过转储dump文件然后通过windbg分析技巧和提供宝贵经验.csproj", "{65C46CE2-D92F-4FF8-B27D-0925BA149394}"
EndProject
Global
	GlobalSection(SolutionConfigurationPlatforms) = preSolution
		Debug|Any CPU = Debug|Any CPU
		Debug|x64 = Debug|x64
		Release|Any CPU = Release|Any CPU
		Release|x64 = Release|x64
	EndGlobalSection
	GlobalSection(ProjectConfigurationPlatforms) = postSolution
		{E03F2A00-3E17-401E-87CD-F352BD4D418D}.Debug|Any CPU.ActiveCfg = Debug|Any CPU
		{E03F2A00-3E17-401E-87CD-F352BD4D418D}.Debug|Any CPU.Build.0 = Debug|Any CPU
		{E03F2A00-3E17-401E-87CD-F352BD4D418D}.Debug|x64.ActiveCfg = Debug|Any CPU
		{E03F2A00-3E17-401E-87CD-F352BD4D418D}.Debug|x64.Build.0 = Debug|Any CPU
		{E03F2A00-3E17-401E-87CD-F352BD4D418D}.Release|Any CPU.ActiveCfg = Release|Any CPU
		{E03F2A00-3E17-401E-87CD-F352BD4D418D}.Release|Any CPU.Build.0 = Release|Any CPU
		{E03F2A00-3E17-401E-87CD-F352BD4D418D}.Release|x64.ActiveCfg = Release|Any CPU
		{E03F2A00-3E17-401E-87CD-F352BD4D418D}.Release|x64.Build.0 = Release|Any CPU
		{74EE4430-268F-46B7-9FD0-185774CBE255}.Debug|Any CPU.ActiveCfg = Debug|Any CPU
		{74EE4430-268F-46B7-9FD0-185774CBE255}.Debug|Any CPU.Build.0 = Debug|Any CPU
		{74EE4430-268F-46B7-9FD0-185774CBE255}.Debug|x64.ActiveCfg = Debug|Any CPU
		{74EE4430-268F-46B7-9FD0-185774CBE255}.Debug|x64.Build.0 = Debug|Any CPU
		{74EE4430-268F-46B7-9FD0-185774CBE255}.Release|Any CPU.ActiveCfg = Release|Any CPU
		{74EE4430-268F-46B7-9FD0-185774CBE255}.Release|Any CPU.Build.0 = Release|Any CPU
		{74EE4430-268F-46B7-9FD0-185774CBE255}.Release|x64.ActiveCfg = Release|Any CPU
		{74EE4430-268F-46B7-9FD0-185774CBE255}.Release|x64.Build.0 = Release|Any CPU
		{EFEF4C1D-790A-4CAE-A868-F512C38182B5}.Debug|Any CPU.ActiveCfg = Debug|Any CPU
		{EFEF4C1D-790A-4CAE-A868-F512C38182B5}.Debug|Any CPU.Build.0 = Debug|Any CPU
		{EFEF4C1D-790A-4CAE-A868-F512C38182B5}.Debug|x64.ActiveCfg = Debug|Any CPU
		{EFEF4C1D-790A-4CAE-A868-F512C38182B5}.Debug|x64.Build.0 = Debug|Any CPU
		{EFEF4C1D-790A-4CAE-A868-F512C38182B5}.Release|Any CPU.ActiveCfg = Release|Any CPU
		{EFEF4C1D-790A-4CAE-A868-F512C38182B5}.Release|Any CPU.Build.0 = Release|Any CPU
		{EFEF4C1D-790A-4CAE-A868-F512C38182B5}.Release|x64.ActiveCfg = Release|Any CPU
		{EFEF4C1D-790A-4CAE-A868-F512C38182B5}.Release|x64.Build.0 = Release|Any CPU
		{D44FF089-C5E8-4F63-826B-0AEB17E8F7DB}.Debug|Any CPU.ActiveCfg = Debug|Any CPU
		{D44FF089-C5E8-4F63-826B-0AEB17E8F7DB}.Debug|Any CPU.Build.0 = Debug|Any CPU
		{D44FF089-C5E8-4F63-826B-0AEB17E8F7DB}.Debug|x64.ActiveCfg = Debug|Any CPU
		{D44FF089-C5E8-4F63-826B-0AEB17E8F7DB}.Debug|x64.Build.0 = Debug|Any CPU
		{D44FF089-C5E8-4F63-826B-0AEB17E8F7DB}.Release|Any CPU.ActiveCfg = Release|Any CPU
		{D44FF089-C5E8-4F63-826B-0AEB17E8F7DB}.Release|Any CPU.Build.0 = Release|Any CPU
		{D44FF089-C5E8-4F63-826B-0AEB17E8F7DB}.Release|x64.ActiveCfg = Release|Any CPU
		{D44FF089-C5E8-4F63-826B-0AEB17E8F7DB}.Release|x64.Build.0 = Release|Any CPU
		{0513653F-CC90-4D48-B4C6-207F380B0C34}.Debug|Any CPU.ActiveCfg = Debug|Any CPU
		{0513653F-CC90-4D48-B4C6-207F380B0C34}.Debug|Any CPU.Build.0 = Debug|Any CPU
		{0513653F-CC90-4D48-B4C6-207F380B0C34}.Debug|x64.ActiveCfg = Debug|Any CPU
		{0513653F-CC90-4D48-B4C6-207F380B0C34}.Debug|x64.Build.0 = Debug|Any CPU
		{0513653F-CC90-4D48-B4C6-207F380B0C34}.Release|Any CPU.ActiveCfg = Release|Any CPU
		{0513653F-CC90-4D48-B4C6-207F380B0C34}.Release|Any CPU.Build.0 = Release|Any CPU
		{0513653F-CC90-4D48-B4C6-207F380B0C34}.Release|x64.ActiveCfg = Release|Any CPU
		{0513653F-CC90-4D48-B4C6-207F380B0C34}.Release|x64.Build.0 = Release|Any CPU
		{2E5E637B-CB4C-45DC-8A2E-10C944BB641F}.Debug|Any CPU.ActiveCfg = Debug|Any CPU
		{2E5E637B-CB4C-45DC-8A2E-10C944BB641F}.Debug|Any CPU.Build.0 = Debug|Any CPU
		{2E5E637B-CB4C-45DC-8A2E-10C944BB641F}.Debug|x64.ActiveCfg = Debug|Any CPU
		{2E5E637B-CB4C-45DC-8A2E-10C944BB641F}.Debug|x64.Build.0 = Debug|Any CPU
		{2E5E637B-CB4C-45DC-8A2E-10C944BB641F}.Release|Any CPU.ActiveCfg = Release|Any CPU
		{2E5E637B-CB4C-45DC-8A2E-10C944BB641F}.Release|Any CPU.Build.0 = Release|Any CPU
		{2E5E637B-CB4C-45DC-8A2E-10C944BB641F}.Release|x64.ActiveCfg = Release|Any CPU
		{2E5E637B-CB4C-45DC-8A2E-10C944BB641F}.Release|x64.Build.0 = Release|Any CPU
		{E125AE52-EEBF-4E0A-815B-E394C624F03A}.Debug|Any CPU.ActiveCfg = Debug|Any CPU
		{E125AE52-EEBF-4E0A-815B-E394C624F03A}.Debug|Any CPU.Build.0 = Debug|Any CPU
		{E125AE52-EEBF-4E0A-815B-E394C624F03A}.Debug|x64.ActiveCfg = Debug|Any CPU
		{E125AE52-EEBF-4E0A-815B-E394C624F03A}.Debug|x64.Build.0 = Debug|Any CPU
		{E125AE52-EEBF-4E0A-815B-E394C624F03A}.Release|Any CPU.ActiveCfg = Release|Any CPU
		{E125AE52-EEBF-4E0A-815B-E394C624F03A}.Release|Any CPU.Build.0 = Release|Any CPU
		{E125AE52-EEBF-4E0A-815B-E394C624F03A}.Release|x64.ActiveCfg = Release|Any CPU
		{E125AE52-EEBF-4E0A-815B-E394C624F03A}.Release|x64.Build.0 = Release|Any CPU
		{6A9C6F1D-290B-4D21-9D05-4879016B6448}.Debug|Any CPU.ActiveCfg = Debug|Any CPU
		{6A9C6F1D-290B-4D21-9D05-4879016B6448}.Debug|Any CPU.Build.0 = Debug|Any CPU
		{6A9C6F1D-290B-4D21-9D05-4879016B6448}.Debug|x64.ActiveCfg = Debug|Any CPU
		{6A9C6F1D-290B-4D21-9D05-4879016B6448}.Debug|x64.Build.0 = Debug|Any CPU
		{6A9C6F1D-290B-4D21-9D05-4879016B6448}.Release|Any CPU.ActiveCfg = Release|Any CPU
		{6A9C6F1D-290B-4D21-9D05-4879016B6448}.Release|Any CPU.Build.0 = Release|Any CPU
		{6A9C6F1D-290B-4D21-9D05-4879016B6448}.Release|x64.ActiveCfg = Release|Any CPU
		{6A9C6F1D-290B-4D21-9D05-4879016B6448}.Release|x64.Build.0 = Release|Any CPU
		{8E77386A-5585-438D-8603-EB475ED572FF}.Debug|Any CPU.ActiveCfg = Debug|Any CPU
		{8E77386A-5585-438D-8603-EB475ED572FF}.Debug|Any CPU.Build.0 = Debug|Any CPU
		{8E77386A-5585-438D-8603-EB475ED572FF}.Debug|x64.ActiveCfg = Debug|Any CPU
		{8E77386A-5585-438D-8603-EB475ED572FF}.Debug|x64.Build.0 = Debug|Any CPU
		{8E77386A-5585-438D-8603-EB475ED572FF}.Release|Any CPU.ActiveCfg = Release|Any CPU
		{8E77386A-5585-438D-8603-EB475ED572FF}.Release|Any CPU.Build.0 = Release|Any CPU
		{8E77386A-5585-438D-8603-EB475ED572FF}.Release|x64.ActiveCfg = Release|Any CPU
		{8E77386A-5585-438D-8603-EB475ED572FF}.Release|x64.Build.0 = Release|Any CPU
		{FC30B261-B9F1-4B03-8D9D-223108A5F1BE}.Debug|Any CPU.ActiveCfg = Debug|Any CPU
		{FC30B261-B9F1-4B03-8D9D-223108A5F1BE}.Debug|Any CPU.Build.0 = Debug|Any CPU
		{FC30B261-B9F1-4B03-8D9D-223108A5F1BE}.Debug|x64.ActiveCfg = Debug|Any CPU
		{FC30B261-B9F1-4B03-8D9D-223108A5F1BE}.Debug|x64.Build.0 = Debug|Any CPU
		{FC30B261-B9F1-4B03-8D9D-223108A5F1BE}.Release|Any CPU.ActiveCfg = Release|Any CPU
		{FC30B261-B9F1-4B03-8D9D-223108A5F1BE}.Release|Any CPU.Build.0 = Release|Any CPU
		{FC30B261-B9F1-4B03-8D9D-223108A5F1BE}.Release|x64.ActiveCfg = Release|Any CPU
		{FC30B261-B9F1-4B03-8D9D-223108A5F1BE}.Release|x64.Build.0 = Release|Any CPU
		{8BF80798-90AB-4C40-A666-27B4478E08E1}.Debug|Any CPU.ActiveCfg = Debug|Any CPU
		{8BF80798-90AB-4C40-A666-27B4478E08E1}.Debug|Any CPU.Build.0 = Debug|Any CPU
		{8BF80798-90AB-4C40-A666-27B4478E08E1}.Debug|x64.ActiveCfg = Debug|Any CPU
		{8BF80798-90AB-4C40-A666-27B4478E08E1}.Debug|x64.Build.0 = Debug|Any CPU
		{8BF80798-90AB-4C40-A666-27B4478E08E1}.Release|Any CPU.ActiveCfg = Release|Any CPU
		{8BF80798-90AB-4C40-A666-27B4478E08E1}.Release|Any CPU.Build.0 = Release|Any CPU
		{8BF80798-90AB-4C40-A666-27B4478E08E1}.Release|x64.ActiveCfg = Release|Any CPU
		{8BF80798-90AB-4C40-A666-27B4478E08E1}.Release|x64.Build.0 = Release|Any CPU
		{33701449-593D-424E-809D-39B4312824CA}.Debug|Any CPU.ActiveCfg = Debug|Any CPU
		{33701449-593D-424E-809D-39B4312824CA}.Debug|Any CPU.Build.0 = Debug|Any CPU
		{33701449-593D-424E-809D-39B4312824CA}.Debug|x64.ActiveCfg = Debug|Any CPU
		{33701449-593D-424E-809D-39B4312824CA}.Debug|x64.Build.0 = Debug|Any CPU
		{33701449-593D-424E-809D-39B4312824CA}.Release|Any CPU.ActiveCfg = Release|Any CPU
		{33701449-593D-424E-809D-39B4312824CA}.Release|Any CPU.Build.0 = Release|Any CPU
		{33701449-593D-424E-809D-39B4312824CA}.Release|x64.ActiveCfg = Release|Any CPU
		{33701449-593D-424E-809D-39B4312824CA}.Release|x64.Build.0 = Release|Any CPU
		{B031DD0A-8BF4-4A00-B2A4-D6352C8DF3B3}.Debug|Any CPU.ActiveCfg = Debug|Any CPU
		{B031DD0A-8BF4-4A00-B2A4-D6352C8DF3B3}.Debug|Any CPU.Build.0 = Debug|Any CPU
		{B031DD0A-8BF4-4A00-B2A4-D6352C8DF3B3}.Debug|x64.ActiveCfg = Debug|Any CPU
		{B031DD0A-8BF4-4A00-B2A4-D6352C8DF3B3}.Debug|x64.Build.0 = Debug|Any CPU
		{B031DD0A-8BF4-4A00-B2A4-D6352C8DF3B3}.Release|Any CPU.ActiveCfg = Release|Any CPU
		{B031DD0A-8BF4-4A00-B2A4-D6352C8DF3B3}.Release|Any CPU.Build.0 = Release|Any CPU
		{B031DD0A-8BF4-4A00-B2A4-D6352C8DF3B3}.Release|x64.ActiveCfg = Release|Any CPU
		{B031DD0A-8BF4-4A00-B2A4-D6352C8DF3B3}.Release|x64.Build.0 = Release|Any CPU
		{B23D1F55-ACDA-4687-9F47-9FAD612E6635}.Debug|Any CPU.ActiveCfg = Debug|Any CPU
		{B23D1F55-ACDA-4687-9F47-9FAD612E6635}.Debug|Any CPU.Build.0 = Debug|Any CPU
		{B23D1F55-ACDA-4687-9F47-9FAD612E6635}.Debug|x64.ActiveCfg = Debug|Any CPU
		{B23D1F55-ACDA-4687-9F47-9FAD612E6635}.Debug|x64.Build.0 = Debug|Any CPU
		{B23D1F55-ACDA-4687-9F47-9FAD612E6635}.Release|Any CPU.ActiveCfg = Release|Any CPU
		{B23D1F55-ACDA-4687-9F47-9FAD612E6635}.Release|Any CPU.Build.0 = Release|Any CPU
		{B23D1F55-ACDA-4687-9F47-9FAD612E6635}.Release|x64.ActiveCfg = Release|Any CPU
		{B23D1F55-ACDA-4687-9F47-9FAD612E6635}.Release|x64.Build.0 = Release|Any CPU
		{6ED7390B-E67E-4048-963F-77B9572EB703}.Debug|Any CPU.ActiveCfg = Debug|Any CPU
		{6ED7390B-E67E-4048-963F-77B9572EB703}.Debug|Any CPU.Build.0 = Debug|Any CPU
		{6ED7390B-E67E-4048-963F-77B9572EB703}.Debug|x64.ActiveCfg = Debug|Any CPU
		{6ED7390B-E67E-4048-963F-77B9572EB703}.Debug|x64.Build.0 = Debug|Any CPU
		{6ED7390B-E67E-4048-963F-77B9572EB703}.Release|Any CPU.ActiveCfg = Release|Any CPU
		{6ED7390B-E67E-4048-963F-77B9572EB703}.Release|Any CPU.Build.0 = Release|Any CPU
		{6ED7390B-E67E-4048-963F-77B9572EB703}.Release|x64.ActiveCfg = Release|Any CPU
		{6ED7390B-E67E-4048-963F-77B9572EB703}.Release|x64.Build.0 = Release|Any CPU
		{18438DFC-356C-4AA8-82C4-FC0A550115DE}.Debug|Any CPU.ActiveCfg = Debug|Any CPU
		{18438DFC-356C-4AA8-82C4-FC0A550115DE}.Debug|Any CPU.Build.0 = Debug|Any CPU
		{18438DFC-356C-4AA8-82C4-FC0A550115DE}.Debug|x64.ActiveCfg = Debug|Any CPU
		{18438DFC-356C-4AA8-82C4-FC0A550115DE}.Debug|x64.Build.0 = Debug|Any CPU
		{18438DFC-356C-4AA8-82C4-FC0A550115DE}.Release|Any CPU.ActiveCfg = Release|Any CPU
		{18438DFC-356C-4AA8-82C4-FC0A550115DE}.Release|Any CPU.Build.0 = Release|Any CPU
		{18438DFC-356C-4AA8-82C4-FC0A550115DE}.Release|x64.ActiveCfg = Release|Any CPU
		{18438DFC-356C-4AA8-82C4-FC0A550115DE}.Release|x64.Build.0 = Release|Any CPU
		{211AD425-A1A7-4B0C-B3FA-4633903286B4}.Debug|Any CPU.ActiveCfg = Debug|Any CPU
		{211AD425-A1A7-4B0C-B3FA-4633903286B4}.Debug|Any CPU.Build.0 = Debug|Any CPU
		{211AD425-A1A7-4B0C-B3FA-4633903286B4}.Debug|x64.ActiveCfg = Debug|Any CPU
		{211AD425-A1A7-4B0C-B3FA-4633903286B4}.Debug|x64.Build.0 = Debug|Any CPU
		{211AD425-A1A7-4B0C-B3FA-4633903286B4}.Release|Any CPU.ActiveCfg = Release|Any CPU
		{211AD425-A1A7-4B0C-B3FA-4633903286B4}.Release|Any CPU.Build.0 = Release|Any CPU
		{211AD425-A1A7-4B0C-B3FA-4633903286B4}.Release|x64.ActiveCfg = Release|Any CPU
		{211AD425-A1A7-4B0C-B3FA-4633903286B4}.Release|x64.Build.0 = Release|Any CPU
		{CA9AB454-0E21-403F-84D0-4B3F1B05AE7E}.Debug|Any CPU.ActiveCfg = Debug|Any CPU
		{CA9AB454-0E21-403F-84D0-4B3F1B05AE7E}.Debug|Any CPU.Build.0 = Debug|Any CPU
		{CA9AB454-0E21-403F-84D0-4B3F1B05AE7E}.Debug|x64.ActiveCfg = Debug|Any CPU
		{CA9AB454-0E21-403F-84D0-4B3F1B05AE7E}.Debug|x64.Build.0 = Debug|Any CPU
		{CA9AB454-0E21-403F-84D0-4B3F1B05AE7E}.Release|Any CPU.ActiveCfg = Release|Any CPU
		{CA9AB454-0E21-403F-84D0-4B3F1B05AE7E}.Release|Any CPU.Build.0 = Release|Any CPU
		{CA9AB454-0E21-403F-84D0-4B3F1B05AE7E}.Release|x64.ActiveCfg = Release|Any CPU
		{CA9AB454-0E21-403F-84D0-4B3F1B05AE7E}.Release|x64.Build.0 = Release|Any CPU
		{DE9D4203-CB95-40F1-A962-83399B17C21C}.Debug|Any CPU.ActiveCfg = Debug|Any CPU
		{DE9D4203-CB95-40F1-A962-83399B17C21C}.Debug|Any CPU.Build.0 = Debug|Any CPU
		{DE9D4203-CB95-40F1-A962-83399B17C21C}.Debug|x64.ActiveCfg = Debug|Any CPU
		{DE9D4203-CB95-40F1-A962-83399B17C21C}.Debug|x64.Build.0 = Debug|Any CPU
		{DE9D4203-CB95-40F1-A962-83399B17C21C}.Release|Any CPU.ActiveCfg = Release|Any CPU
		{DE9D4203-CB95-40F1-A962-83399B17C21C}.Release|Any CPU.Build.0 = Release|Any CPU
		{DE9D4203-CB95-40F1-A962-83399B17C21C}.Release|x64.ActiveCfg = Release|Any CPU
		{DE9D4203-CB95-40F1-A962-83399B17C21C}.Release|x64.Build.0 = Release|Any CPU
		{EF1E8D26-5FB8-477B-98F4-87E7AC6B6888}.Debug|Any CPU.ActiveCfg = Debug|Any CPU
		{EF1E8D26-5FB8-477B-98F4-87E7AC6B6888}.Debug|Any CPU.Build.0 = Debug|Any CPU
		{EF1E8D26-5FB8-477B-98F4-87E7AC6B6888}.Debug|x64.ActiveCfg = Debug|Any CPU
		{EF1E8D26-5FB8-477B-98F4-87E7AC6B6888}.Debug|x64.Build.0 = Debug|Any CPU
		{EF1E8D26-5FB8-477B-98F4-87E7AC6B6888}.Release|Any CPU.ActiveCfg = Release|Any CPU
		{EF1E8D26-5FB8-477B-98F4-87E7AC6B6888}.Release|Any CPU.Build.0 = Release|Any CPU
		{EF1E8D26-5FB8-477B-98F4-87E7AC6B6888}.Release|x64.ActiveCfg = Release|Any CPU
		{EF1E8D26-5FB8-477B-98F4-87E7AC6B6888}.Release|x64.Build.0 = Release|Any CPU
		{E56F09D5-61AA-4FC9-8969-D67CEF94DD3E}.Debug|Any CPU.ActiveCfg = Debug|Any CPU
		{E56F09D5-61AA-4FC9-8969-D67CEF94DD3E}.Debug|Any CPU.Build.0 = Debug|Any CPU
		{E56F09D5-61AA-4FC9-8969-D67CEF94DD3E}.Debug|x64.ActiveCfg = Debug|Any CPU
		{E56F09D5-61AA-4FC9-8969-D67CEF94DD3E}.Debug|x64.Build.0 = Debug|Any CPU
		{E56F09D5-61AA-4FC9-8969-D67CEF94DD3E}.Release|Any CPU.ActiveCfg = Release|Any CPU
		{E56F09D5-61AA-4FC9-8969-D67CEF94DD3E}.Release|Any CPU.Build.0 = Release|Any CPU
		{E56F09D5-61AA-4FC9-8969-D67CEF94DD3E}.Release|x64.ActiveCfg = Release|Any CPU
		{E56F09D5-61AA-4FC9-8969-D67CEF94DD3E}.Release|x64.Build.0 = Release|Any CPU
		{96AAD287-A377-4C3D-BA9C-D5CB99E64F9F}.Debug|Any CPU.ActiveCfg = Debug|Any CPU
		{96AAD287-A377-4C3D-BA9C-D5CB99E64F9F}.Debug|Any CPU.Build.0 = Debug|Any CPU
		{96AAD287-A377-4C3D-BA9C-D5CB99E64F9F}.Debug|x64.ActiveCfg = Debug|Any CPU
		{96AAD287-A377-4C3D-BA9C-D5CB99E64F9F}.Debug|x64.Build.0 = Debug|Any CPU
		{96AAD287-A377-4C3D-BA9C-D5CB99E64F9F}.Release|Any CPU.ActiveCfg = Release|Any CPU
		{96AAD287-A377-4C3D-BA9C-D5CB99E64F9F}.Release|Any CPU.Build.0 = Release|Any CPU
		{96AAD287-A377-4C3D-BA9C-D5CB99E64F9F}.Release|x64.ActiveCfg = Release|Any CPU
		{96AAD287-A377-4C3D-BA9C-D5CB99E64F9F}.Release|x64.Build.0 = Release|Any CPU
		{CD8CCEBE-4B92-4BED-B652-CA7FBFBF89E9}.Debug|Any CPU.ActiveCfg = Debug|Any CPU
		{CD8CCEBE-4B92-4BED-B652-CA7FBFBF89E9}.Debug|Any CPU.Build.0 = Debug|Any CPU
		{CD8CCEBE-4B92-4BED-B652-CA7FBFBF89E9}.Debug|x64.ActiveCfg = Debug|Any CPU
		{CD8CCEBE-4B92-4BED-B652-CA7FBFBF89E9}.Debug|x64.Build.0 = Debug|Any CPU
		{CD8CCEBE-4B92-4BED-B652-CA7FBFBF89E9}.Release|Any CPU.ActiveCfg = Release|Any CPU
		{CD8CCEBE-4B92-4BED-B652-CA7FBFBF89E9}.Release|Any CPU.Build.0 = Release|Any CPU
		{CD8CCEBE-4B92-4BED-B652-CA7FBFBF89E9}.Release|x64.ActiveCfg = Release|Any CPU
		{CD8CCEBE-4B92-4BED-B652-CA7FBFBF89E9}.Release|x64.Build.0 = Release|Any CPU
		{404943F8-0F03-46F5-A27B-ADF9309FFDA6}.Debug|Any CPU.ActiveCfg = Debug|Any CPU
		{404943F8-0F03-46F5-A27B-ADF9309FFDA6}.Debug|Any CPU.Build.0 = Debug|Any CPU
		{404943F8-0F03-46F5-A27B-ADF9309FFDA6}.Debug|x64.ActiveCfg = Debug|Any CPU
		{404943F8-0F03-46F5-A27B-ADF9309FFDA6}.Debug|x64.Build.0 = Debug|Any CPU
		{404943F8-0F03-46F5-A27B-ADF9309FFDA6}.Release|Any CPU.ActiveCfg = Release|Any CPU
		{404943F8-0F03-46F5-A27B-ADF9309FFDA6}.Release|Any CPU.Build.0 = Release|Any CPU
		{404943F8-0F03-46F5-A27B-ADF9309FFDA6}.Release|x64.ActiveCfg = Release|Any CPU
		{404943F8-0F03-46F5-A27B-ADF9309FFDA6}.Release|x64.Build.0 = Release|Any CPU
		{19F1E7DC-1627-487A-8173-9F63B1DB817C}.Debug|Any CPU.ActiveCfg = Debug|Any CPU
		{19F1E7DC-1627-487A-8173-9F63B1DB817C}.Debug|Any CPU.Build.0 = Debug|Any CPU
		{19F1E7DC-1627-487A-8173-9F63B1DB817C}.Debug|x64.ActiveCfg = Debug|Any CPU
		{19F1E7DC-1627-487A-8173-9F63B1DB817C}.Debug|x64.Build.0 = Debug|Any CPU
		{19F1E7DC-1627-487A-8173-9F63B1DB817C}.Release|Any CPU.ActiveCfg = Release|Any CPU
		{19F1E7DC-1627-487A-8173-9F63B1DB817C}.Release|Any CPU.Build.0 = Release|Any CPU
		{19F1E7DC-1627-487A-8173-9F63B1DB817C}.Release|x64.ActiveCfg = Release|Any CPU
		{19F1E7DC-1627-487A-8173-9F63B1DB817C}.Release|x64.Build.0 = Release|Any CPU
		{954C798A-0C24-4570-BCA6-91B4B7DBEFD6}.Debug|Any CPU.ActiveCfg = Debug|Any CPU
		{954C798A-0C24-4570-BCA6-91B4B7DBEFD6}.Debug|Any CPU.Build.0 = Debug|Any CPU
		{954C798A-0C24-4570-BCA6-91B4B7DBEFD6}.Debug|x64.ActiveCfg = Debug|Any CPU
		{954C798A-0C24-4570-BCA6-91B4B7DBEFD6}.Debug|x64.Build.0 = Debug|Any CPU
		{954C798A-0C24-4570-BCA6-91B4B7DBEFD6}.Release|Any CPU.ActiveCfg = Release|Any CPU
		{954C798A-0C24-4570-BCA6-91B4B7DBEFD6}.Release|Any CPU.Build.0 = Release|Any CPU
		{954C798A-0C24-4570-BCA6-91B4B7DBEFD6}.Release|x64.ActiveCfg = Release|Any CPU
		{954C798A-0C24-4570-BCA6-91B4B7DBEFD6}.Release|x64.Build.0 = Release|Any CPU
		{ADACC5A3-915C-4135-B9EA-7603D8DA09D8}.Debug|Any CPU.ActiveCfg = Debug|Any CPU
		{ADACC5A3-915C-4135-B9EA-7603D8DA09D8}.Debug|Any CPU.Build.0 = Debug|Any CPU
		{ADACC5A3-915C-4135-B9EA-7603D8DA09D8}.Debug|x64.ActiveCfg = Debug|Any CPU
		{ADACC5A3-915C-4135-B9EA-7603D8DA09D8}.Debug|x64.Build.0 = Debug|Any CPU
		{ADACC5A3-915C-4135-B9EA-7603D8DA09D8}.Release|Any CPU.ActiveCfg = Release|Any CPU
		{ADACC5A3-915C-4135-B9EA-7603D8DA09D8}.Release|Any CPU.Build.0 = Release|Any CPU
		{ADACC5A3-915C-4135-B9EA-7603D8DA09D8}.Release|x64.ActiveCfg = Release|Any CPU
		{ADACC5A3-915C-4135-B9EA-7603D8DA09D8}.Release|x64.Build.0 = Release|Any CPU
		{A9B1EDD9-2E17-4A08-B84A-7F4C42082F05}.Debug|Any CPU.ActiveCfg = Debug|Any CPU
		{A9B1EDD9-2E17-4A08-B84A-7F4C42082F05}.Debug|Any CPU.Build.0 = Debug|Any CPU
		{A9B1EDD9-2E17-4A08-B84A-7F4C42082F05}.Debug|x64.ActiveCfg = Debug|Any CPU
		{A9B1EDD9-2E17-4A08-B84A-7F4C42082F05}.Debug|x64.Build.0 = Debug|Any CPU
		{A9B1EDD9-2E17-4A08-B84A-7F4C42082F05}.Release|Any CPU.ActiveCfg = Release|Any CPU
		{A9B1EDD9-2E17-4A08-B84A-7F4C42082F05}.Release|Any CPU.Build.0 = Release|Any CPU
		{A9B1EDD9-2E17-4A08-B84A-7F4C42082F05}.Release|x64.ActiveCfg = Release|Any CPU
		{A9B1EDD9-2E17-4A08-B84A-7F4C42082F05}.Release|x64.Build.0 = Release|Any CPU
		{5229A80F-2216-43C0-A821-D30F4B3048A5}.Debug|Any CPU.ActiveCfg = Debug|Any CPU
		{5229A80F-2216-43C0-A821-D30F4B3048A5}.Debug|Any CPU.Build.0 = Debug|Any CPU
		{5229A80F-2216-43C0-A821-D30F4B3048A5}.Debug|x64.ActiveCfg = Debug|Any CPU
		{5229A80F-2216-43C0-A821-D30F4B3048A5}.Debug|x64.Build.0 = Debug|Any CPU
		{5229A80F-2216-43C0-A821-D30F4B3048A5}.Release|Any CPU.ActiveCfg = Release|Any CPU
		{5229A80F-2216-43C0-A821-D30F4B3048A5}.Release|Any CPU.Build.0 = Release|Any CPU
		{5229A80F-2216-43C0-A821-D30F4B3048A5}.Release|x64.ActiveCfg = Release|Any CPU
		{5229A80F-2216-43C0-A821-D30F4B3048A5}.Release|x64.Build.0 = Release|Any CPU
		{8D503D66-2D3A-459C-AAAC-72AC023754D3}.Debug|Any CPU.ActiveCfg = Debug|Any CPU
		{8D503D66-2D3A-459C-AAAC-72AC023754D3}.Debug|Any CPU.Build.0 = Debug|Any CPU
		{8D503D66-2D3A-459C-AAAC-72AC023754D3}.Debug|x64.ActiveCfg = Debug|Any CPU
		{8D503D66-2D3A-459C-AAAC-72AC023754D3}.Debug|x64.Build.0 = Debug|Any CPU
		{8D503D66-2D3A-459C-AAAC-72AC023754D3}.Release|Any CPU.ActiveCfg = Release|Any CPU
		{8D503D66-2D3A-459C-AAAC-72AC023754D3}.Release|Any CPU.Build.0 = Release|Any CPU
		{8D503D66-2D3A-459C-AAAC-72AC023754D3}.Release|x64.ActiveCfg = Release|Any CPU
		{8D503D66-2D3A-459C-AAAC-72AC023754D3}.Release|x64.Build.0 = Release|Any CPU
		{FE7B8BAA-0625-4482-BDA6-E707595C5AE8}.Debug|Any CPU.ActiveCfg = Debug|Any CPU
		{FE7B8BAA-0625-4482-BDA6-E707595C5AE8}.Debug|Any CPU.Build.0 = Debug|Any CPU
		{FE7B8BAA-0625-4482-BDA6-E707595C5AE8}.Debug|x64.ActiveCfg = Debug|Any CPU
		{FE7B8BAA-0625-4482-BDA6-E707595C5AE8}.Debug|x64.Build.0 = Debug|Any CPU
		{FE7B8BAA-0625-4482-BDA6-E707595C5AE8}.Release|Any CPU.ActiveCfg = Release|Any CPU
		{FE7B8BAA-0625-4482-BDA6-E707595C5AE8}.Release|Any CPU.Build.0 = Release|Any CPU
		{FE7B8BAA-0625-4482-BDA6-E707595C5AE8}.Release|x64.ActiveCfg = Release|Any CPU
		{FE7B8BAA-0625-4482-BDA6-E707595C5AE8}.Release|x64.Build.0 = Release|Any CPU
		{E4FC607D-56CF-45D7-AFEF-87BEED7B00E6}.Debug|Any CPU.ActiveCfg = Debug|Any CPU
		{E4FC607D-56CF-45D7-AFEF-87BEED7B00E6}.Debug|Any CPU.Build.0 = Debug|Any CPU
		{E4FC607D-56CF-45D7-AFEF-87BEED7B00E6}.Debug|x64.ActiveCfg = Debug|Any CPU
		{E4FC607D-56CF-45D7-AFEF-87BEED7B00E6}.Debug|x64.Build.0 = Debug|Any CPU
		{E4FC607D-56CF-45D7-AFEF-87BEED7B00E6}.Release|Any CPU.ActiveCfg = Release|Any CPU
		{E4FC607D-56CF-45D7-AFEF-87BEED7B00E6}.Release|Any CPU.Build.0 = Release|Any CPU
		{E4FC607D-56CF-45D7-AFEF-87BEED7B00E6}.Release|x64.ActiveCfg = Release|Any CPU
		{E4FC607D-56CF-45D7-AFEF-87BEED7B00E6}.Release|x64.Build.0 = Release|Any CPU
		{6B9D71B2-C48B-4A06-9D07-B4BB2BD88217}.Debug|Any CPU.ActiveCfg = Debug|Any CPU
		{6B9D71B2-C48B-4A06-9D07-B4BB2BD88217}.Debug|Any CPU.Build.0 = Debug|Any CPU
		{6B9D71B2-C48B-4A06-9D07-B4BB2BD88217}.Debug|x64.ActiveCfg = Debug|Any CPU
		{6B9D71B2-C48B-4A06-9D07-B4BB2BD88217}.Debug|x64.Build.0 = Debug|Any CPU
		{6B9D71B2-C48B-4A06-9D07-B4BB2BD88217}.Release|Any CPU.ActiveCfg = Release|Any CPU
		{6B9D71B2-C48B-4A06-9D07-B4BB2BD88217}.Release|Any CPU.Build.0 = Release|Any CPU
		{6B9D71B2-C48B-4A06-9D07-B4BB2BD88217}.Release|x64.ActiveCfg = Release|Any CPU
		{6B9D71B2-C48B-4A06-9D07-B4BB2BD88217}.Release|x64.Build.0 = Release|Any CPU
		{60CC816F-304D-4013-A6AE-039411B73B8E}.Debug|Any CPU.ActiveCfg = Debug|Any CPU
		{60CC816F-304D-4013-A6AE-039411B73B8E}.Debug|Any CPU.Build.0 = Debug|Any CPU
		{60CC816F-304D-4013-A6AE-039411B73B8E}.Debug|x64.ActiveCfg = Debug|Any CPU
		{60CC816F-304D-4013-A6AE-039411B73B8E}.Debug|x64.Build.0 = Debug|Any CPU
		{60CC816F-304D-4013-A6AE-039411B73B8E}.Release|Any CPU.ActiveCfg = Release|Any CPU
		{60CC816F-304D-4013-A6AE-039411B73B8E}.Release|Any CPU.Build.0 = Release|Any CPU
		{60CC816F-304D-4013-A6AE-039411B73B8E}.Release|x64.ActiveCfg = Release|Any CPU
		{60CC816F-304D-4013-A6AE-039411B73B8E}.Release|x64.Build.0 = Release|Any CPU
		{095998EB-3526-43EB-A1E9-23CAF9FC3BC0}.Debug|Any CPU.ActiveCfg = Debug|Any CPU
		{095998EB-3526-43EB-A1E9-23CAF9FC3BC0}.Debug|Any CPU.Build.0 = Debug|Any CPU
		{095998EB-3526-43EB-A1E9-23CAF9FC3BC0}.Debug|x64.ActiveCfg = Debug|Any CPU
		{095998EB-3526-43EB-A1E9-23CAF9FC3BC0}.Debug|x64.Build.0 = Debug|Any CPU
		{095998EB-3526-43EB-A1E9-23CAF9FC3BC0}.Release|Any CPU.ActiveCfg = Release|Any CPU
		{095998EB-3526-43EB-A1E9-23CAF9FC3BC0}.Release|Any CPU.Build.0 = Release|Any CPU
		{095998EB-3526-43EB-A1E9-23CAF9FC3BC0}.Release|x64.ActiveCfg = Release|Any CPU
		{095998EB-3526-43EB-A1E9-23CAF9FC3BC0}.Release|x64.Build.0 = Release|Any CPU
		{573A0967-29A6-4D26-919B-897D251308EC}.Debug|Any CPU.ActiveCfg = Debug|Any CPU
		{573A0967-29A6-4D26-919B-897D251308EC}.Debug|Any CPU.Build.0 = Debug|Any CPU
		{573A0967-29A6-4D26-919B-897D251308EC}.Debug|x64.ActiveCfg = Debug|Any CPU
		{573A0967-29A6-4D26-919B-897D251308EC}.Debug|x64.Build.0 = Debug|Any CPU
		{573A0967-29A6-4D26-919B-897D251308EC}.Release|Any CPU.ActiveCfg = Release|Any CPU
		{573A0967-29A6-4D26-919B-897D251308EC}.Release|Any CPU.Build.0 = Release|Any CPU
		{573A0967-29A6-4D26-919B-897D251308EC}.Release|x64.ActiveCfg = Release|Any CPU
		{573A0967-29A6-4D26-919B-897D251308EC}.Release|x64.Build.0 = Release|Any CPU
		{5D0DD3F5-CF3C-49E7-B9EE-11BAB41AF9D2}.Debug|Any CPU.ActiveCfg = Debug|Any CPU
		{5D0DD3F5-CF3C-49E7-B9EE-11BAB41AF9D2}.Debug|Any CPU.Build.0 = Debug|Any CPU
		{5D0DD3F5-CF3C-49E7-B9EE-11BAB41AF9D2}.Debug|x64.ActiveCfg = Debug|Any CPU
		{5D0DD3F5-CF3C-49E7-B9EE-11BAB41AF9D2}.Debug|x64.Build.0 = Debug|Any CPU
		{5D0DD3F5-CF3C-49E7-B9EE-11BAB41AF9D2}.Release|Any CPU.ActiveCfg = Release|Any CPU
		{5D0DD3F5-CF3C-49E7-B9EE-11BAB41AF9D2}.Release|Any CPU.Build.0 = Release|Any CPU
		{5D0DD3F5-CF3C-49E7-B9EE-11BAB41AF9D2}.Release|x64.ActiveCfg = Release|Any CPU
		{5D0DD3F5-CF3C-49E7-B9EE-11BAB41AF9D2}.Release|x64.Build.0 = Release|Any CPU
		{7583D59D-7CBC-4FBC-854A-DFEF014D2F1B}.Debug|Any CPU.ActiveCfg = Debug|Any CPU
		{7583D59D-7CBC-4FBC-854A-DFEF014D2F1B}.Debug|Any CPU.Build.0 = Debug|Any CPU
		{7583D59D-7CBC-4FBC-854A-DFEF014D2F1B}.Debug|x64.ActiveCfg = Debug|Any CPU
		{7583D59D-7CBC-4FBC-854A-DFEF014D2F1B}.Debug|x64.Build.0 = Debug|Any CPU
		{7583D59D-7CBC-4FBC-854A-DFEF014D2F1B}.Release|Any CPU.ActiveCfg = Release|Any CPU
		{7583D59D-7CBC-4FBC-854A-DFEF014D2F1B}.Release|Any CPU.Build.0 = Release|Any CPU
		{7583D59D-7CBC-4FBC-854A-DFEF014D2F1B}.Release|x64.ActiveCfg = Release|Any CPU
		{7583D59D-7CBC-4FBC-854A-DFEF014D2F1B}.Release|x64.Build.0 = Release|Any CPU
		{57AEB4D4-D106-498B-AD4B-5503C308F2BB}.Debug|Any CPU.ActiveCfg = Debug|Any CPU
		{57AEB4D4-D106-498B-AD4B-5503C308F2BB}.Debug|Any CPU.Build.0 = Debug|Any CPU
		{57AEB4D4-D106-498B-AD4B-5503C308F2BB}.Debug|x64.ActiveCfg = Debug|Any CPU
		{57AEB4D4-D106-498B-AD4B-5503C308F2BB}.Debug|x64.Build.0 = Debug|Any CPU
		{57AEB4D4-D106-498B-AD4B-5503C308F2BB}.Release|Any CPU.ActiveCfg = Release|Any CPU
		{57AEB4D4-D106-498B-AD4B-5503C308F2BB}.Release|Any CPU.Build.0 = Release|Any CPU
		{57AEB4D4-D106-498B-AD4B-5503C308F2BB}.Release|x64.ActiveCfg = Release|Any CPU
		{57AEB4D4-D106-498B-AD4B-5503C308F2BB}.Release|x64.Build.0 = Release|Any CPU
		{DC611458-59D1-429D-9006-434B13C61215}.Debug|Any CPU.ActiveCfg = Debug|Any CPU
		{DC611458-59D1-429D-9006-434B13C61215}.Debug|Any CPU.Build.0 = Debug|Any CPU
		{DC611458-59D1-429D-9006-434B13C61215}.Debug|x64.ActiveCfg = Debug|Any CPU
		{DC611458-59D1-429D-9006-434B13C61215}.Debug|x64.Build.0 = Debug|Any CPU
		{DC611458-59D1-429D-9006-434B13C61215}.Release|Any CPU.ActiveCfg = Release|Any CPU
		{DC611458-59D1-429D-9006-434B13C61215}.Release|Any CPU.Build.0 = Release|Any CPU
		{DC611458-59D1-429D-9006-434B13C61215}.Release|x64.ActiveCfg = Release|Any CPU
		{DC611458-59D1-429D-9006-434B13C61215}.Release|x64.Build.0 = Release|Any CPU
		{92E1EFBE-860E-4D4F-9011-0357AF610D3F}.Debug|Any CPU.ActiveCfg = Debug|Any CPU
		{92E1EFBE-860E-4D4F-9011-0357AF610D3F}.Debug|Any CPU.Build.0 = Debug|Any CPU
		{92E1EFBE-860E-4D4F-9011-0357AF610D3F}.Debug|x64.ActiveCfg = Debug|Any CPU
		{92E1EFBE-860E-4D4F-9011-0357AF610D3F}.Debug|x64.Build.0 = Debug|Any CPU
		{92E1EFBE-860E-4D4F-9011-0357AF610D3F}.Release|Any CPU.ActiveCfg = Release|Any CPU
		{92E1EFBE-860E-4D4F-9011-0357AF610D3F}.Release|Any CPU.Build.0 = Release|Any CPU
		{92E1EFBE-860E-4D4F-9011-0357AF610D3F}.Release|x64.ActiveCfg = Release|Any CPU
		{92E1EFBE-860E-4D4F-9011-0357AF610D3F}.Release|x64.Build.0 = Release|Any CPU
		{2856929D-BBB1-4093-9696-C73A65ED0E63}.Debug|Any CPU.ActiveCfg = Debug|Any CPU
		{2856929D-BBB1-4093-9696-C73A65ED0E63}.Debug|Any CPU.Build.0 = Debug|Any CPU
		{2856929D-BBB1-4093-9696-C73A65ED0E63}.Debug|x64.ActiveCfg = Debug|Any CPU
		{2856929D-BBB1-4093-9696-C73A65ED0E63}.Debug|x64.Build.0 = Debug|Any CPU
		{2856929D-BBB1-4093-9696-C73A65ED0E63}.Release|Any CPU.ActiveCfg = Release|Any CPU
		{2856929D-BBB1-4093-9696-C73A65ED0E63}.Release|Any CPU.Build.0 = Release|Any CPU
		{2856929D-BBB1-4093-9696-C73A65ED0E63}.Release|x64.ActiveCfg = Release|Any CPU
		{2856929D-BBB1-4093-9696-C73A65ED0E63}.Release|x64.Build.0 = Release|Any CPU
		{02548777-349B-43A2-9CAB-D19EAF310256}.Debug|Any CPU.ActiveCfg = Debug|Any CPU
		{02548777-349B-43A2-9CAB-D19EAF310256}.Debug|Any CPU.Build.0 = Debug|Any CPU
		{02548777-349B-43A2-9CAB-D19EAF310256}.Debug|x64.ActiveCfg = Debug|Any CPU
		{02548777-349B-43A2-9CAB-D19EAF310256}.Debug|x64.Build.0 = Debug|Any CPU
		{02548777-349B-43A2-9CAB-D19EAF310256}.Release|Any CPU.ActiveCfg = Release|Any CPU
		{02548777-349B-43A2-9CAB-D19EAF310256}.Release|Any CPU.Build.0 = Release|Any CPU
		{02548777-349B-43A2-9CAB-D19EAF310256}.Release|x64.ActiveCfg = Release|Any CPU
		{02548777-349B-43A2-9CAB-D19EAF310256}.Release|x64.Build.0 = Release|Any CPU
		{6E9F5426-CC37-4163-A825-C6C2D7103DE4}.Debug|Any CPU.ActiveCfg = Debug|Any CPU
		{6E9F5426-CC37-4163-A825-C6C2D7103DE4}.Debug|Any CPU.Build.0 = Debug|Any CPU
		{6E9F5426-CC37-4163-A825-C6C2D7103DE4}.Debug|x64.ActiveCfg = Debug|Any CPU
		{6E9F5426-CC37-4163-A825-C6C2D7103DE4}.Debug|x64.Build.0 = Debug|Any CPU
		{6E9F5426-CC37-4163-A825-C6C2D7103DE4}.Release|Any CPU.ActiveCfg = Release|Any CPU
		{6E9F5426-CC37-4163-A825-C6C2D7103DE4}.Release|Any CPU.Build.0 = Release|Any CPU
		{6E9F5426-CC37-4163-A825-C6C2D7103DE4}.Release|x64.ActiveCfg = Release|Any CPU
		{6E9F5426-CC37-4163-A825-C6C2D7103DE4}.Release|x64.Build.0 = Release|Any CPU
		{12E4D5A8-AD6D-4D9B-8FAE-F4FBB34AF06B}.Debug|Any CPU.ActiveCfg = Debug|Any CPU
		{12E4D5A8-AD6D-4D9B-8FAE-F4FBB34AF06B}.Debug|Any CPU.Build.0 = Debug|Any CPU
		{12E4D5A8-AD6D-4D9B-8FAE-F4FBB34AF06B}.Debug|x64.ActiveCfg = Debug|Any CPU
		{12E4D5A8-AD6D-4D9B-8FAE-F4FBB34AF06B}.Debug|x64.Build.0 = Debug|Any CPU
		{12E4D5A8-AD6D-4D9B-8FAE-F4FBB34AF06B}.Release|Any CPU.ActiveCfg = Release|Any CPU
		{12E4D5A8-AD6D-4D9B-8FAE-F4FBB34AF06B}.Release|Any CPU.Build.0 = Release|Any CPU
		{12E4D5A8-AD6D-4D9B-8FAE-F4FBB34AF06B}.Release|x64.ActiveCfg = Release|Any CPU
		{12E4D5A8-AD6D-4D9B-8FAE-F4FBB34AF06B}.Release|x64.Build.0 = Release|Any CPU
		{16D04962-A093-49D4-AAE2-8EF5005BE881}.Debug|Any CPU.ActiveCfg = Debug|Any CPU
		{16D04962-A093-49D4-AAE2-8EF5005BE881}.Debug|Any CPU.Build.0 = Debug|Any CPU
		{16D04962-A093-49D4-AAE2-8EF5005BE881}.Debug|x64.ActiveCfg = Debug|Any CPU
		{16D04962-A093-49D4-AAE2-8EF5005BE881}.Debug|x64.Build.0 = Debug|Any CPU
		{16D04962-A093-49D4-AAE2-8EF5005BE881}.Release|Any CPU.ActiveCfg = Release|Any CPU
		{16D04962-A093-49D4-AAE2-8EF5005BE881}.Release|Any CPU.Build.0 = Release|Any CPU
		{16D04962-A093-49D4-AAE2-8EF5005BE881}.Release|x64.ActiveCfg = Release|Any CPU
		{16D04962-A093-49D4-AAE2-8EF5005BE881}.Release|x64.Build.0 = Release|Any CPU
		{7A263C42-5206-491B-849B-31E13D55A069}.Debug|Any CPU.ActiveCfg = Debug|Any CPU
		{7A263C42-5206-491B-849B-31E13D55A069}.Debug|Any CPU.Build.0 = Debug|Any CPU
		{7A263C42-5206-491B-849B-31E13D55A069}.Debug|x64.ActiveCfg = Debug|Any CPU
		{7A263C42-5206-491B-849B-31E13D55A069}.Debug|x64.Build.0 = Debug|Any CPU
		{7A263C42-5206-491B-849B-31E13D55A069}.Release|Any CPU.ActiveCfg = Release|Any CPU
		{7A263C42-5206-491B-849B-31E13D55A069}.Release|Any CPU.Build.0 = Release|Any CPU
		{7A263C42-5206-491B-849B-31E13D55A069}.Release|x64.ActiveCfg = Release|Any CPU
		{7A263C42-5206-491B-849B-31E13D55A069}.Release|x64.Build.0 = Release|Any CPU
		{D73F117F-33EC-474E-A9F7-224CEA1CD779}.Debug|Any CPU.ActiveCfg = Debug|Any CPU
		{D73F117F-33EC-474E-A9F7-224CEA1CD779}.Debug|Any CPU.Build.0 = Debug|Any CPU
		{D73F117F-33EC-474E-A9F7-224CEA1CD779}.Debug|x64.ActiveCfg = Debug|Any CPU
		{D73F117F-33EC-474E-A9F7-224CEA1CD779}.Debug|x64.Build.0 = Debug|Any CPU
		{D73F117F-33EC-474E-A9F7-224CEA1CD779}.Release|Any CPU.ActiveCfg = Release|Any CPU
		{D73F117F-33EC-474E-A9F7-224CEA1CD779}.Release|Any CPU.Build.0 = Release|Any CPU
		{D73F117F-33EC-474E-A9F7-224CEA1CD779}.Release|x64.ActiveCfg = Release|Any CPU
		{D73F117F-33EC-474E-A9F7-224CEA1CD779}.Release|x64.Build.0 = Release|Any CPU
		{670392A4-9A23-41D7-845B-D77C34079DEE}.Debug|Any CPU.ActiveCfg = Debug|Any CPU
		{670392A4-9A23-41D7-845B-D77C34079DEE}.Debug|Any CPU.Build.0 = Debug|Any CPU
		{670392A4-9A23-41D7-845B-D77C34079DEE}.Debug|x64.ActiveCfg = Debug|Any CPU
		{670392A4-9A23-41D7-845B-D77C34079DEE}.Debug|x64.Build.0 = Debug|Any CPU
		{670392A4-9A23-41D7-845B-D77C34079DEE}.Release|Any CPU.ActiveCfg = Release|Any CPU
		{670392A4-9A23-41D7-845B-D77C34079DEE}.Release|Any CPU.Build.0 = Release|Any CPU
		{670392A4-9A23-41D7-845B-D77C34079DEE}.Release|x64.ActiveCfg = Release|Any CPU
		{670392A4-9A23-41D7-845B-D77C34079DEE}.Release|x64.Build.0 = Release|Any CPU
		{355E76EA-CB73-40EE-948F-D1D123831D8A}.Debug|Any CPU.ActiveCfg = Debug|Any CPU
		{355E76EA-CB73-40EE-948F-D1D123831D8A}.Debug|Any CPU.Build.0 = Debug|Any CPU
		{355E76EA-CB73-40EE-948F-D1D123831D8A}.Debug|x64.ActiveCfg = Debug|Any CPU
		{355E76EA-CB73-40EE-948F-D1D123831D8A}.Debug|x64.Build.0 = Debug|Any CPU
		{355E76EA-CB73-40EE-948F-D1D123831D8A}.Release|Any CPU.ActiveCfg = Release|Any CPU
		{355E76EA-CB73-40EE-948F-D1D123831D8A}.Release|Any CPU.Build.0 = Release|Any CPU
		{355E76EA-CB73-40EE-948F-D1D123831D8A}.Release|x64.ActiveCfg = Release|Any CPU
		{355E76EA-CB73-40EE-948F-D1D123831D8A}.Release|x64.Build.0 = Release|Any CPU
		{58C3EB96-0AB9-4F7A-9378-D920B603E453}.Debug|Any CPU.ActiveCfg = Debug|Any CPU
		{58C3EB96-0AB9-4F7A-9378-D920B603E453}.Debug|Any CPU.Build.0 = Debug|Any CPU
		{58C3EB96-0AB9-4F7A-9378-D920B603E453}.Debug|x64.ActiveCfg = Debug|Any CPU
		{58C3EB96-0AB9-4F7A-9378-D920B603E453}.Debug|x64.Build.0 = Debug|Any CPU
		{58C3EB96-0AB9-4F7A-9378-D920B603E453}.Release|Any CPU.ActiveCfg = Release|Any CPU
		{58C3EB96-0AB9-4F7A-9378-D920B603E453}.Release|Any CPU.Build.0 = Release|Any CPU
		{58C3EB96-0AB9-4F7A-9378-D920B603E453}.Release|x64.ActiveCfg = Release|Any CPU
		{58C3EB96-0AB9-4F7A-9378-D920B603E453}.Release|x64.Build.0 = Release|Any CPU
		{7D21B967-635B-4423-9476-1F4A6C53E37E}.Debug|Any CPU.ActiveCfg = Debug|Any CPU
		{7D21B967-635B-4423-9476-1F4A6C53E37E}.Debug|Any CPU.Build.0 = Debug|Any CPU
		{7D21B967-635B-4423-9476-1F4A6C53E37E}.Debug|x64.ActiveCfg = Debug|Any CPU
		{7D21B967-635B-4423-9476-1F4A6C53E37E}.Debug|x64.Build.0 = Debug|Any CPU
		{7D21B967-635B-4423-9476-1F4A6C53E37E}.Release|Any CPU.ActiveCfg = Release|Any CPU
		{7D21B967-635B-4423-9476-1F4A6C53E37E}.Release|Any CPU.Build.0 = Release|Any CPU
		{7D21B967-635B-4423-9476-1F4A6C53E37E}.Release|x64.ActiveCfg = Release|Any CPU
		{7D21B967-635B-4423-9476-1F4A6C53E37E}.Release|x64.Build.0 = Release|Any CPU
		{32B52CEE-5D02-4904-A259-99C64E2043AA}.Debug|Any CPU.ActiveCfg = Debug|Any CPU
		{32B52CEE-5D02-4904-A259-99C64E2043AA}.Debug|Any CPU.Build.0 = Debug|Any CPU
		{32B52CEE-5D02-4904-A259-99C64E2043AA}.Debug|x64.ActiveCfg = Debug|Any CPU
		{32B52CEE-5D02-4904-A259-99C64E2043AA}.Debug|x64.Build.0 = Debug|Any CPU
		{32B52CEE-5D02-4904-A259-99C64E2043AA}.Release|Any CPU.ActiveCfg = Release|Any CPU
		{32B52CEE-5D02-4904-A259-99C64E2043AA}.Release|Any CPU.Build.0 = Release|Any CPU
		{32B52CEE-5D02-4904-A259-99C64E2043AA}.Release|x64.ActiveCfg = Release|Any CPU
		{32B52CEE-5D02-4904-A259-99C64E2043AA}.Release|x64.Build.0 = Release|Any CPU
		{6EA37C86-8CB2-44E0-9E4E-2ED1572ABC78}.Debug|Any CPU.ActiveCfg = Debug|Any CPU
		{6EA37C86-8CB2-44E0-9E4E-2ED1572ABC78}.Debug|Any CPU.Build.0 = Debug|Any CPU
		{6EA37C86-8CB2-44E0-9E4E-2ED1572ABC78}.Debug|x64.ActiveCfg = Debug|Any CPU
		{6EA37C86-8CB2-44E0-9E4E-2ED1572ABC78}.Debug|x64.Build.0 = Debug|Any CPU
		{6EA37C86-8CB2-44E0-9E4E-2ED1572ABC78}.Release|Any CPU.ActiveCfg = Release|Any CPU
		{6EA37C86-8CB2-44E0-9E4E-2ED1572ABC78}.Release|Any CPU.Build.0 = Release|Any CPU
		{6EA37C86-8CB2-44E0-9E4E-2ED1572ABC78}.Release|x64.ActiveCfg = Release|Any CPU
		{6EA37C86-8CB2-44E0-9E4E-2ED1572ABC78}.Release|x64.Build.0 = Release|Any CPU
		{508BC4C8-8BC1-4ADC-BC29-A90577FC6D12}.Debug|Any CPU.ActiveCfg = Debug|Any CPU
		{508BC4C8-8BC1-4ADC-BC29-A90577FC6D12}.Debug|Any CPU.Build.0 = Debug|Any CPU
		{508BC4C8-8BC1-4ADC-BC29-A90577FC6D12}.Debug|x64.ActiveCfg = Debug|Any CPU
		{508BC4C8-8BC1-4ADC-BC29-A90577FC6D12}.Debug|x64.Build.0 = Debug|Any CPU
		{508BC4C8-8BC1-4ADC-BC29-A90577FC6D12}.Release|Any CPU.ActiveCfg = Release|Any CPU
		{508BC4C8-8BC1-4ADC-BC29-A90577FC6D12}.Release|Any CPU.Build.0 = Release|Any CPU
		{508BC4C8-8BC1-4ADC-BC29-A90577FC6D12}.Release|x64.ActiveCfg = Release|Any CPU
		{508BC4C8-8BC1-4ADC-BC29-A90577FC6D12}.Release|x64.Build.0 = Release|Any CPU
		{8D84BBB5-6540-452A-A03C-EECDFD424719}.Debug|Any CPU.ActiveCfg = Debug|Any CPU
		{8D84BBB5-6540-452A-A03C-EECDFD424719}.Debug|Any CPU.Build.0 = Debug|Any CPU
		{8D84BBB5-6540-452A-A03C-EECDFD424719}.Debug|x64.ActiveCfg = Debug|Any CPU
		{8D84BBB5-6540-452A-A03C-EECDFD424719}.Debug|x64.Build.0 = Debug|Any CPU
		{8D84BBB5-6540-452A-A03C-EECDFD424719}.Release|Any CPU.ActiveCfg = Release|Any CPU
		{8D84BBB5-6540-452A-A03C-EECDFD424719}.Release|Any CPU.Build.0 = Release|Any CPU
		{8D84BBB5-6540-452A-A03C-EECDFD424719}.Release|x64.ActiveCfg = Release|Any CPU
		{8D84BBB5-6540-452A-A03C-EECDFD424719}.Release|x64.Build.0 = Release|Any CPU
		{D7F64CD8-5FFC-4453-96E8-A8C2771062AA}.Debug|Any CPU.ActiveCfg = Debug|Any CPU
		{D7F64CD8-5FFC-4453-96E8-A8C2771062AA}.Debug|Any CPU.Build.0 = Debug|Any CPU
		{D7F64CD8-5FFC-4453-96E8-A8C2771062AA}.Debug|x64.ActiveCfg = Debug|Any CPU
		{D7F64CD8-5FFC-4453-96E8-A8C2771062AA}.Debug|x64.Build.0 = Debug|Any CPU
		{D7F64CD8-5FFC-4453-96E8-A8C2771062AA}.Release|Any CPU.ActiveCfg = Release|Any CPU
		{D7F64CD8-5FFC-4453-96E8-A8C2771062AA}.Release|Any CPU.Build.0 = Release|Any CPU
		{D7F64CD8-5FFC-4453-96E8-A8C2771062AA}.Release|x64.ActiveCfg = Release|Any CPU
		{D7F64CD8-5FFC-4453-96E8-A8C2771062AA}.Release|x64.Build.0 = Release|Any CPU
		{C2EC77E2-19A9-4385-9A17-C1111A9D397B}.Debug|Any CPU.ActiveCfg = Debug|Any CPU
		{C2EC77E2-19A9-4385-9A17-C1111A9D397B}.Debug|Any CPU.Build.0 = Debug|Any CPU
		{C2EC77E2-19A9-4385-9A17-C1111A9D397B}.Debug|x64.ActiveCfg = Debug|Any CPU
		{C2EC77E2-19A9-4385-9A17-C1111A9D397B}.Debug|x64.Build.0 = Debug|Any CPU
		{C2EC77E2-19A9-4385-9A17-C1111A9D397B}.Release|Any CPU.ActiveCfg = Release|Any CPU
		{C2EC77E2-19A9-4385-9A17-C1111A9D397B}.Release|Any CPU.Build.0 = Release|Any CPU
		{C2EC77E2-19A9-4385-9A17-C1111A9D397B}.Release|x64.ActiveCfg = Release|Any CPU
		{C2EC77E2-19A9-4385-9A17-C1111A9D397B}.Release|x64.Build.0 = Release|Any CPU
		{9070E2EE-7826-4F94-A0D5-ECD72B20AE53}.Debug|Any CPU.ActiveCfg = Debug|Any CPU
		{9070E2EE-7826-4F94-A0D5-ECD72B20AE53}.Debug|Any CPU.Build.0 = Debug|Any CPU
		{9070E2EE-7826-4F94-A0D5-ECD72B20AE53}.Debug|x64.ActiveCfg = Debug|Any CPU
		{9070E2EE-7826-4F94-A0D5-ECD72B20AE53}.Debug|x64.Build.0 = Debug|Any CPU
		{9070E2EE-7826-4F94-A0D5-ECD72B20AE53}.Release|Any CPU.ActiveCfg = Release|Any CPU
		{9070E2EE-7826-4F94-A0D5-ECD72B20AE53}.Release|Any CPU.Build.0 = Release|Any CPU
		{9070E2EE-7826-4F94-A0D5-ECD72B20AE53}.Release|x64.ActiveCfg = Release|Any CPU
		{9070E2EE-7826-4F94-A0D5-ECD72B20AE53}.Release|x64.Build.0 = Release|Any CPU
		{8375411A-4644-446B-B07E-7B96D3C2AA04}.Debug|Any CPU.ActiveCfg = Debug|Any CPU
		{8375411A-4644-446B-B07E-7B96D3C2AA04}.Debug|Any CPU.Build.0 = Debug|Any CPU
		{8375411A-4644-446B-B07E-7B96D3C2AA04}.Debug|x64.ActiveCfg = Debug|Any CPU
		{8375411A-4644-446B-B07E-7B96D3C2AA04}.Debug|x64.Build.0 = Debug|Any CPU
		{8375411A-4644-446B-B07E-7B96D3C2AA04}.Release|Any CPU.ActiveCfg = Release|Any CPU
		{8375411A-4644-446B-B07E-7B96D3C2AA04}.Release|Any CPU.Build.0 = Release|Any CPU
		{8375411A-4644-446B-B07E-7B96D3C2AA04}.Release|x64.ActiveCfg = Release|Any CPU
		{8375411A-4644-446B-B07E-7B96D3C2AA04}.Release|x64.Build.0 = Release|Any CPU
		{5EB49C09-0111-4286-B33E-CFE52DB89CF2}.Debug|Any CPU.ActiveCfg = Debug|Any CPU
		{5EB49C09-0111-4286-B33E-CFE52DB89CF2}.Debug|Any CPU.Build.0 = Debug|Any CPU
		{5EB49C09-0111-4286-B33E-CFE52DB89CF2}.Debug|x64.ActiveCfg = Debug|Any CPU
		{5EB49C09-0111-4286-B33E-CFE52DB89CF2}.Debug|x64.Build.0 = Debug|Any CPU
		{5EB49C09-0111-4286-B33E-CFE52DB89CF2}.Release|Any CPU.ActiveCfg = Release|Any CPU
		{5EB49C09-0111-4286-B33E-CFE52DB89CF2}.Release|Any CPU.Build.0 = Release|Any CPU
		{5EB49C09-0111-4286-B33E-CFE52DB89CF2}.Release|x64.ActiveCfg = Release|Any CPU
		{5EB49C09-0111-4286-B33E-CFE52DB89CF2}.Release|x64.Build.0 = Release|Any CPU
		{74AB21DF-FF0A-4B63-A511-744BDF7778FD}.Debug|Any CPU.ActiveCfg = Debug|Any CPU
		{74AB21DF-FF0A-4B63-A511-744BDF7778FD}.Debug|Any CPU.Build.0 = Debug|Any CPU
		{74AB21DF-FF0A-4B63-A511-744BDF7778FD}.Debug|x64.ActiveCfg = Debug|Any CPU
		{74AB21DF-FF0A-4B63-A511-744BDF7778FD}.Debug|x64.Build.0 = Debug|Any CPU
		{74AB21DF-FF0A-4B63-A511-744BDF7778FD}.Release|Any CPU.ActiveCfg = Release|Any CPU
		{74AB21DF-FF0A-4B63-A511-744BDF7778FD}.Release|Any CPU.Build.0 = Release|Any CPU
		{74AB21DF-FF0A-4B63-A511-744BDF7778FD}.Release|x64.ActiveCfg = Release|Any CPU
		{74AB21DF-FF0A-4B63-A511-744BDF7778FD}.Release|x64.Build.0 = Release|Any CPU
		{E2265DFC-6261-43D0-802A-B4EB3F5E5A20}.Debug|Any CPU.ActiveCfg = Debug|Any CPU
		{E2265DFC-6261-43D0-802A-B4EB3F5E5A20}.Debug|Any CPU.Build.0 = Debug|Any CPU
		{E2265DFC-6261-43D0-802A-B4EB3F5E5A20}.Debug|x64.ActiveCfg = Debug|Any CPU
		{E2265DFC-6261-43D0-802A-B4EB3F5E5A20}.Debug|x64.Build.0 = Debug|Any CPU
		{E2265DFC-6261-43D0-802A-B4EB3F5E5A20}.Release|Any CPU.ActiveCfg = Release|Any CPU
		{E2265DFC-6261-43D0-802A-B4EB3F5E5A20}.Release|Any CPU.Build.0 = Release|Any CPU
		{E2265DFC-6261-43D0-802A-B4EB3F5E5A20}.Release|x64.ActiveCfg = Release|Any CPU
		{E2265DFC-6261-43D0-802A-B4EB3F5E5A20}.Release|x64.Build.0 = Release|Any CPU
		{BE01A243-459B-4E8F-A330-EB353D72B99F}.Debug|Any CPU.ActiveCfg = Debug|Any CPU
		{BE01A243-459B-4E8F-A330-EB353D72B99F}.Debug|Any CPU.Build.0 = Debug|Any CPU
		{BE01A243-459B-4E8F-A330-EB353D72B99F}.Debug|x64.ActiveCfg = Debug|Any CPU
		{BE01A243-459B-4E8F-A330-EB353D72B99F}.Debug|x64.Build.0 = Debug|Any CPU
		{BE01A243-459B-4E8F-A330-EB353D72B99F}.Release|Any CPU.ActiveCfg = Release|Any CPU
		{BE01A243-459B-4E8F-A330-EB353D72B99F}.Release|Any CPU.Build.0 = Release|Any CPU
		{BE01A243-459B-4E8F-A330-EB353D72B99F}.Release|x64.ActiveCfg = Release|Any CPU
		{BE01A243-459B-4E8F-A330-EB353D72B99F}.Release|x64.Build.0 = Release|Any CPU
		{9C3FE873-7F3E-4B65-943C-C759EF376DC5}.Debug|Any CPU.ActiveCfg = Debug|Any CPU
		{9C3FE873-7F3E-4B65-943C-C759EF376DC5}.Debug|Any CPU.Build.0 = Debug|Any CPU
		{9C3FE873-7F3E-4B65-943C-C759EF376DC5}.Debug|x64.ActiveCfg = Debug|Any CPU
		{9C3FE873-7F3E-4B65-943C-C759EF376DC5}.Debug|x64.Build.0 = Debug|Any CPU
		{9C3FE873-7F3E-4B65-943C-C759EF376DC5}.Release|Any CPU.ActiveCfg = Release|Any CPU
		{9C3FE873-7F3E-4B65-943C-C759EF376DC5}.Release|Any CPU.Build.0 = Release|Any CPU
		{9C3FE873-7F3E-4B65-943C-C759EF376DC5}.Release|x64.ActiveCfg = Release|Any CPU
		{9C3FE873-7F3E-4B65-943C-C759EF376DC5}.Release|x64.Build.0 = Release|Any CPU
		{2CC513EF-FE7B-45C0-A92D-93674F8BCB13}.Debug|Any CPU.ActiveCfg = Debug|Any CPU
		{2CC513EF-FE7B-45C0-A92D-93674F8BCB13}.Debug|Any CPU.Build.0 = Debug|Any CPU
		{2CC513EF-FE7B-45C0-A92D-93674F8BCB13}.Debug|x64.ActiveCfg = Debug|Any CPU
		{2CC513EF-FE7B-45C0-A92D-93674F8BCB13}.Debug|x64.Build.0 = Debug|Any CPU
		{2CC513EF-FE7B-45C0-A92D-93674F8BCB13}.Release|Any CPU.ActiveCfg = Release|Any CPU
		{2CC513EF-FE7B-45C0-A92D-93674F8BCB13}.Release|Any CPU.Build.0 = Release|Any CPU
		{2CC513EF-FE7B-45C0-A92D-93674F8BCB13}.Release|x64.ActiveCfg = Release|Any CPU
		{2CC513EF-FE7B-45C0-A92D-93674F8BCB13}.Release|x64.Build.0 = Release|Any CPU
		{AF0D61B0-13AF-4044-80F6-C1792527C355}.Debug|Any CPU.ActiveCfg = Debug|Any CPU
		{AF0D61B0-13AF-4044-80F6-C1792527C355}.Debug|Any CPU.Build.0 = Debug|Any CPU
		{AF0D61B0-13AF-4044-80F6-C1792527C355}.Debug|x64.ActiveCfg = Debug|Any CPU
		{AF0D61B0-13AF-4044-80F6-C1792527C355}.Debug|x64.Build.0 = Debug|Any CPU
		{AF0D61B0-13AF-4044-80F6-C1792527C355}.Release|Any CPU.ActiveCfg = Release|Any CPU
		{AF0D61B0-13AF-4044-80F6-C1792527C355}.Release|Any CPU.Build.0 = Release|Any CPU
		{AF0D61B0-13AF-4044-80F6-C1792527C355}.Release|x64.ActiveCfg = Release|Any CPU
		{AF0D61B0-13AF-4044-80F6-C1792527C355}.Release|x64.Build.0 = Release|Any CPU
		{EB75EBEB-C48B-4857-9B56-A1EAB289BA54}.Debug|Any CPU.ActiveCfg = Debug|Any CPU
		{EB75EBEB-C48B-4857-9B56-A1EAB289BA54}.Debug|Any CPU.Build.0 = Debug|Any CPU
		{EB75EBEB-C48B-4857-9B56-A1EAB289BA54}.Debug|x64.ActiveCfg = Debug|Any CPU
		{EB75EBEB-C48B-4857-9B56-A1EAB289BA54}.Debug|x64.Build.0 = Debug|Any CPU
		{EB75EBEB-C48B-4857-9B56-A1EAB289BA54}.Release|Any CPU.ActiveCfg = Release|Any CPU
		{EB75EBEB-C48B-4857-9B56-A1EAB289BA54}.Release|Any CPU.Build.0 = Release|Any CPU
		{EB75EBEB-C48B-4857-9B56-A1EAB289BA54}.Release|x64.ActiveCfg = Release|Any CPU
		{EB75EBEB-C48B-4857-9B56-A1EAB289BA54}.Release|x64.Build.0 = Release|Any CPU
		{625F8648-45EC-4188-BFC1-BF1CD9EE5708}.Debug|Any CPU.ActiveCfg = Debug|Any CPU
		{625F8648-45EC-4188-BFC1-BF1CD9EE5708}.Debug|Any CPU.Build.0 = Debug|Any CPU
		{625F8648-45EC-4188-BFC1-BF1CD9EE5708}.Debug|x64.ActiveCfg = Debug|Any CPU
		{625F8648-45EC-4188-BFC1-BF1CD9EE5708}.Debug|x64.Build.0 = Debug|Any CPU
		{625F8648-45EC-4188-BFC1-BF1CD9EE5708}.Release|Any CPU.ActiveCfg = Release|Any CPU
		{625F8648-45EC-4188-BFC1-BF1CD9EE5708}.Release|Any CPU.Build.0 = Release|Any CPU
		{625F8648-45EC-4188-BFC1-BF1CD9EE5708}.Release|x64.ActiveCfg = Release|Any CPU
		{625F8648-45EC-4188-BFC1-BF1CD9EE5708}.Release|x64.Build.0 = Release|Any CPU
		{F83C7C12-5022-4CEA-9E6B-738A69B6DE70}.Debug|Any CPU.ActiveCfg = Debug|Any CPU
		{F83C7C12-5022-4CEA-9E6B-738A69B6DE70}.Debug|Any CPU.Build.0 = Debug|Any CPU
		{F83C7C12-5022-4CEA-9E6B-738A69B6DE70}.Debug|x64.ActiveCfg = Debug|Any CPU
		{F83C7C12-5022-4CEA-9E6B-738A69B6DE70}.Debug|x64.Build.0 = Debug|Any CPU
		{F83C7C12-5022-4CEA-9E6B-738A69B6DE70}.Release|Any CPU.ActiveCfg = Release|Any CPU
		{F83C7C12-5022-4CEA-9E6B-738A69B6DE70}.Release|Any CPU.Build.0 = Release|Any CPU
		{F83C7C12-5022-4CEA-9E6B-738A69B6DE70}.Release|x64.ActiveCfg = Release|Any CPU
		{F83C7C12-5022-4CEA-9E6B-738A69B6DE70}.Release|x64.Build.0 = Release|Any CPU
		{E9729C14-5573-446C-BCCE-37FEA004C2BF}.Debug|Any CPU.ActiveCfg = Debug|Any CPU
		{E9729C14-5573-446C-BCCE-37FEA004C2BF}.Debug|Any CPU.Build.0 = Debug|Any CPU
		{E9729C14-5573-446C-BCCE-37FEA004C2BF}.Debug|x64.ActiveCfg = Debug|Any CPU
		{E9729C14-5573-446C-BCCE-37FEA004C2BF}.Debug|x64.Build.0 = Debug|Any CPU
		{E9729C14-5573-446C-BCCE-37FEA004C2BF}.Release|Any CPU.ActiveCfg = Release|Any CPU
		{E9729C14-5573-446C-BCCE-37FEA004C2BF}.Release|Any CPU.Build.0 = Release|Any CPU
		{E9729C14-5573-446C-BCCE-37FEA004C2BF}.Release|x64.ActiveCfg = Release|Any CPU
		{E9729C14-5573-446C-BCCE-37FEA004C2BF}.Release|x64.Build.0 = Release|Any CPU
		{FAFF97CB-806C-4062-A35C-370CEECB49DD}.Debug|Any CPU.ActiveCfg = Debug|Any CPU
		{FAFF97CB-806C-4062-A35C-370CEECB49DD}.Debug|Any CPU.Build.0 = Debug|Any CPU
		{FAFF97CB-806C-4062-A35C-370CEECB49DD}.Debug|x64.ActiveCfg = Debug|Any CPU
		{FAFF97CB-806C-4062-A35C-370CEECB49DD}.Debug|x64.Build.0 = Debug|Any CPU
		{FAFF97CB-806C-4062-A35C-370CEECB49DD}.Release|Any CPU.ActiveCfg = Release|Any CPU
		{FAFF97CB-806C-4062-A35C-370CEECB49DD}.Release|Any CPU.Build.0 = Release|Any CPU
		{FAFF97CB-806C-4062-A35C-370CEECB49DD}.Release|x64.ActiveCfg = Release|Any CPU
		{FAFF97CB-806C-4062-A35C-370CEECB49DD}.Release|x64.Build.0 = Release|Any CPU
		{4652BF8E-0250-4E6F-80BC-F826194348B8}.Debug|Any CPU.ActiveCfg = Debug|Any CPU
		{4652BF8E-0250-4E6F-80BC-F826194348B8}.Debug|Any CPU.Build.0 = Debug|Any CPU
		{4652BF8E-0250-4E6F-80BC-F826194348B8}.Debug|x64.ActiveCfg = Debug|Any CPU
		{4652BF8E-0250-4E6F-80BC-F826194348B8}.Debug|x64.Build.0 = Debug|Any CPU
		{4652BF8E-0250-4E6F-80BC-F826194348B8}.Release|Any CPU.ActiveCfg = Release|Any CPU
		{4652BF8E-0250-4E6F-80BC-F826194348B8}.Release|Any CPU.Build.0 = Release|Any CPU
		{4652BF8E-0250-4E6F-80BC-F826194348B8}.Release|x64.ActiveCfg = Release|Any CPU
		{4652BF8E-0250-4E6F-80BC-F826194348B8}.Release|x64.Build.0 = Release|Any CPU
		{C28963F5-8B0F-467F-8370-D905AC3469AF}.Debug|Any CPU.ActiveCfg = Debug|Any CPU
		{C28963F5-8B0F-467F-8370-D905AC3469AF}.Debug|Any CPU.Build.0 = Debug|Any CPU
		{C28963F5-8B0F-467F-8370-D905AC3469AF}.Debug|x64.ActiveCfg = Debug|Any CPU
		{C28963F5-8B0F-467F-8370-D905AC3469AF}.Debug|x64.Build.0 = Debug|Any CPU
		{C28963F5-8B0F-467F-8370-D905AC3469AF}.Release|Any CPU.ActiveCfg = Release|Any CPU
		{C28963F5-8B0F-467F-8370-D905AC3469AF}.Release|Any CPU.Build.0 = Release|Any CPU
		{C28963F5-8B0F-467F-8370-D905AC3469AF}.Release|x64.ActiveCfg = Release|Any CPU
		{C28963F5-8B0F-467F-8370-D905AC3469AF}.Release|x64.Build.0 = Release|Any CPU
		{4717FC11-65FC-422E-AA2E-ED15BA198D60}.Debug|Any CPU.ActiveCfg = Debug|Any CPU
		{4717FC11-65FC-422E-AA2E-ED15BA198D60}.Debug|Any CPU.Build.0 = Debug|Any CPU
		{4717FC11-65FC-422E-AA2E-ED15BA198D60}.Debug|x64.ActiveCfg = Debug|Any CPU
		{4717FC11-65FC-422E-AA2E-ED15BA198D60}.Debug|x64.Build.0 = Debug|Any CPU
		{4717FC11-65FC-422E-AA2E-ED15BA198D60}.Release|Any CPU.ActiveCfg = Release|Any CPU
		{4717FC11-65FC-422E-AA2E-ED15BA198D60}.Release|Any CPU.Build.0 = Release|Any CPU
		{4717FC11-65FC-422E-AA2E-ED15BA198D60}.Release|x64.ActiveCfg = Release|Any CPU
		{4717FC11-65FC-422E-AA2E-ED15BA198D60}.Release|x64.Build.0 = Release|Any CPU
		{F48D406B-468D-4B88-8E5E-85195F30D992}.Debug|Any CPU.ActiveCfg = Debug|Any CPU
		{F48D406B-468D-4B88-8E5E-85195F30D992}.Debug|Any CPU.Build.0 = Debug|Any CPU
		{F48D406B-468D-4B88-8E5E-85195F30D992}.Debug|x64.ActiveCfg = Debug|Any CPU
		{F48D406B-468D-4B88-8E5E-85195F30D992}.Debug|x64.Build.0 = Debug|Any CPU
		{F48D406B-468D-4B88-8E5E-85195F30D992}.Release|Any CPU.ActiveCfg = Release|Any CPU
		{F48D406B-468D-4B88-8E5E-85195F30D992}.Release|Any CPU.Build.0 = Release|Any CPU
		{F48D406B-468D-4B88-8E5E-85195F30D992}.Release|x64.ActiveCfg = Release|Any CPU
		{F48D406B-468D-4B88-8E5E-85195F30D992}.Release|x64.Build.0 = Release|Any CPU
		{194A404A-14A8-4CDC-8677-4BCD0F164AFE}.Debug|Any CPU.ActiveCfg = Debug|Any CPU
		{194A404A-14A8-4CDC-8677-4BCD0F164AFE}.Debug|Any CPU.Build.0 = Debug|Any CPU
		{194A404A-14A8-4CDC-8677-4BCD0F164AFE}.Debug|x64.ActiveCfg = Debug|Any CPU
		{194A404A-14A8-4CDC-8677-4BCD0F164AFE}.Debug|x64.Build.0 = Debug|Any CPU
		{194A404A-14A8-4CDC-8677-4BCD0F164AFE}.Release|Any CPU.ActiveCfg = Release|Any CPU
		{194A404A-14A8-4CDC-8677-4BCD0F164AFE}.Release|Any CPU.Build.0 = Release|Any CPU
		{194A404A-14A8-4CDC-8677-4BCD0F164AFE}.Release|x64.ActiveCfg = Release|Any CPU
		{194A404A-14A8-4CDC-8677-4BCD0F164AFE}.Release|x64.Build.0 = Release|Any CPU
		{2E3236B2-F11F-4DB4-98CD-24180FB82305}.Debug|Any CPU.ActiveCfg = Debug|Any CPU
		{2E3236B2-F11F-4DB4-98CD-24180FB82305}.Debug|Any CPU.Build.0 = Debug|Any CPU
		{2E3236B2-F11F-4DB4-98CD-24180FB82305}.Debug|x64.ActiveCfg = Debug|Any CPU
		{2E3236B2-F11F-4DB4-98CD-24180FB82305}.Debug|x64.Build.0 = Debug|Any CPU
		{2E3236B2-F11F-4DB4-98CD-24180FB82305}.Release|Any CPU.ActiveCfg = Release|Any CPU
		{2E3236B2-F11F-4DB4-98CD-24180FB82305}.Release|Any CPU.Build.0 = Release|Any CPU
		{2E3236B2-F11F-4DB4-98CD-24180FB82305}.Release|x64.ActiveCfg = Release|Any CPU
		{2E3236B2-F11F-4DB4-98CD-24180FB82305}.Release|x64.Build.0 = Release|Any CPU
		{A0A588DF-E978-4095-9835-E75FA7688779}.Debug|Any CPU.ActiveCfg = Debug|Any CPU
		{A0A588DF-E978-4095-9835-E75FA7688779}.Debug|Any CPU.Build.0 = Debug|Any CPU
		{A0A588DF-E978-4095-9835-E75FA7688779}.Debug|x64.ActiveCfg = Debug|Any CPU
		{A0A588DF-E978-4095-9835-E75FA7688779}.Debug|x64.Build.0 = Debug|Any CPU
		{A0A588DF-E978-4095-9835-E75FA7688779}.Release|Any CPU.ActiveCfg = Release|Any CPU
		{A0A588DF-E978-4095-9835-E75FA7688779}.Release|Any CPU.Build.0 = Release|Any CPU
		{A0A588DF-E978-4095-9835-E75FA7688779}.Release|x64.ActiveCfg = Release|Any CPU
		{A0A588DF-E978-4095-9835-E75FA7688779}.Release|x64.Build.0 = Release|Any CPU
		{EACC55C3-A963-46BA-88F0-693BC3319D02}.Debug|Any CPU.ActiveCfg = Debug|Any CPU
		{EACC55C3-A963-46BA-88F0-693BC3319D02}.Debug|Any CPU.Build.0 = Debug|Any CPU
		{EACC55C3-A963-46BA-88F0-693BC3319D02}.Debug|x64.ActiveCfg = Debug|Any CPU
		{EACC55C3-A963-46BA-88F0-693BC3319D02}.Debug|x64.Build.0 = Debug|Any CPU
		{EACC55C3-A963-46BA-88F0-693BC3319D02}.Release|Any CPU.ActiveCfg = Release|Any CPU
		{EACC55C3-A963-46BA-88F0-693BC3319D02}.Release|Any CPU.Build.0 = Release|Any CPU
		{EACC55C3-A963-46BA-88F0-693BC3319D02}.Release|x64.ActiveCfg = Release|Any CPU
		{EACC55C3-A963-46BA-88F0-693BC3319D02}.Release|x64.Build.0 = Release|Any CPU
		{5E5B3685-14C3-44D8-AF9A-836B81DAD95B}.Debug|Any CPU.ActiveCfg = Debug|Any CPU
		{5E5B3685-14C3-44D8-AF9A-836B81DAD95B}.Debug|Any CPU.Build.0 = Debug|Any CPU
		{5E5B3685-14C3-44D8-AF9A-836B81DAD95B}.Debug|x64.ActiveCfg = Debug|Any CPU
		{5E5B3685-14C3-44D8-AF9A-836B81DAD95B}.Debug|x64.Build.0 = Debug|Any CPU
		{5E5B3685-14C3-44D8-AF9A-836B81DAD95B}.Release|Any CPU.ActiveCfg = Release|Any CPU
		{5E5B3685-14C3-44D8-AF9A-836B81DAD95B}.Release|Any CPU.Build.0 = Release|Any CPU
		{5E5B3685-14C3-44D8-AF9A-836B81DAD95B}.Release|x64.ActiveCfg = Release|Any CPU
		{5E5B3685-14C3-44D8-AF9A-836B81DAD95B}.Release|x64.Build.0 = Release|Any CPU
		{BE9E6472-7AD6-4582-AB8E-502DCDF0C59B}.Debug|Any CPU.ActiveCfg = Debug|Any CPU
		{BE9E6472-7AD6-4582-AB8E-502DCDF0C59B}.Debug|Any CPU.Build.0 = Debug|Any CPU
		{BE9E6472-7AD6-4582-AB8E-502DCDF0C59B}.Debug|x64.ActiveCfg = Debug|Any CPU
		{BE9E6472-7AD6-4582-AB8E-502DCDF0C59B}.Debug|x64.Build.0 = Debug|Any CPU
		{BE9E6472-7AD6-4582-AB8E-502DCDF0C59B}.Release|Any CPU.ActiveCfg = Release|Any CPU
		{BE9E6472-7AD6-4582-AB8E-502DCDF0C59B}.Release|Any CPU.Build.0 = Release|Any CPU
		{BE9E6472-7AD6-4582-AB8E-502DCDF0C59B}.Release|x64.ActiveCfg = Release|Any CPU
		{BE9E6472-7AD6-4582-AB8E-502DCDF0C59B}.Release|x64.Build.0 = Release|Any CPU
		{7DA7BD9F-B016-4FD9-906A-4D657BD53A2D}.Debug|Any CPU.ActiveCfg = Debug|Any CPU
		{7DA7BD9F-B016-4FD9-906A-4D657BD53A2D}.Debug|Any CPU.Build.0 = Debug|Any CPU
		{7DA7BD9F-B016-4FD9-906A-4D657BD53A2D}.Debug|x64.ActiveCfg = Debug|Any CPU
		{7DA7BD9F-B016-4FD9-906A-4D657BD53A2D}.Debug|x64.Build.0 = Debug|Any CPU
		{7DA7BD9F-B016-4FD9-906A-4D657BD53A2D}.Release|Any CPU.ActiveCfg = Release|Any CPU
		{7DA7BD9F-B016-4FD9-906A-4D657BD53A2D}.Release|Any CPU.Build.0 = Release|Any CPU
		{7DA7BD9F-B016-4FD9-906A-4D657BD53A2D}.Release|x64.ActiveCfg = Release|Any CPU
		{7DA7BD9F-B016-4FD9-906A-4D657BD53A2D}.Release|x64.Build.0 = Release|Any CPU
		{65C46CE2-D92F-4FF8-B27D-0925BA149394}.Debug|Any CPU.ActiveCfg = Debug|Any CPU
		{65C46CE2-D92F-4FF8-B27D-0925BA149394}.Debug|Any CPU.Build.0 = Debug|Any CPU
		{65C46CE2-D92F-4FF8-B27D-0925BA149394}.Debug|x64.ActiveCfg = Release|x64
		{65C46CE2-D92F-4FF8-B27D-0925BA149394}.Debug|x64.Build.0 = Release|x64
		{65C46CE2-D92F-4FF8-B27D-0925BA149394}.Release|Any CPU.ActiveCfg = Release|Any CPU
		{65C46CE2-D92F-4FF8-B27D-0925BA149394}.Release|Any CPU.Build.0 = Release|Any CPU
		{65C46CE2-D92F-4FF8-B27D-0925BA149394}.Release|x64.ActiveCfg = Release|x64
		{65C46CE2-D92F-4FF8-B27D-0925BA149394}.Release|x64.Build.0 = Release|x64
	EndGlobalSection
	GlobalSection(SolutionProperties) = preSolution
		HideSolutionNode = FALSE
	EndGlobalSection
	GlobalSection(NestedProjects) = preSolution
		{E03F2A00-3E17-401E-87CD-F352BD4D418D} = {813495A3-956D-46E1-B3F0-27B061B5527A}
		{74EE4430-268F-46B7-9FD0-185774CBE255} = {813495A3-956D-46E1-B3F0-27B061B5527A}
		{EFEF4C1D-790A-4CAE-A868-F512C38182B5} = {813495A3-956D-46E1-B3F0-27B061B5527A}
		{D44FF089-C5E8-4F63-826B-0AEB17E8F7DB} = {813495A3-956D-46E1-B3F0-27B061B5527A}
		{0513653F-CC90-4D48-B4C6-207F380B0C34} = {813495A3-956D-46E1-B3F0-27B061B5527A}
		{2E5E637B-CB4C-45DC-8A2E-10C944BB641F} = {813495A3-956D-46E1-B3F0-27B061B5527A}
		{E125AE52-EEBF-4E0A-815B-E394C624F03A} = {813495A3-956D-46E1-B3F0-27B061B5527A}
		{6A9C6F1D-290B-4D21-9D05-4879016B6448} = {813495A3-956D-46E1-B3F0-27B061B5527A}
		{8E77386A-5585-438D-8603-EB475ED572FF} = {813495A3-956D-46E1-B3F0-27B061B5527A}
		{FC30B261-B9F1-4B03-8D9D-223108A5F1BE} = {813495A3-956D-46E1-B3F0-27B061B5527A}
		{8BF80798-90AB-4C40-A666-27B4478E08E1} = {813495A3-956D-46E1-B3F0-27B061B5527A}
		{33701449-593D-424E-809D-39B4312824CA} = {813495A3-956D-46E1-B3F0-27B061B5527A}
		{B031DD0A-8BF4-4A00-B2A4-D6352C8DF3B3} = {813495A3-956D-46E1-B3F0-27B061B5527A}
		{B23D1F55-ACDA-4687-9F47-9FAD612E6635} = {813495A3-956D-46E1-B3F0-27B061B5527A}
		{6ED7390B-E67E-4048-963F-77B9572EB703} = {813495A3-956D-46E1-B3F0-27B061B5527A}
		{18438DFC-356C-4AA8-82C4-FC0A550115DE} = {813495A3-956D-46E1-B3F0-27B061B5527A}
		{211AD425-A1A7-4B0C-B3FA-4633903286B4} = {813495A3-956D-46E1-B3F0-27B061B5527A}
		{CA9AB454-0E21-403F-84D0-4B3F1B05AE7E} = {813495A3-956D-46E1-B3F0-27B061B5527A}
		{DE9D4203-CB95-40F1-A962-83399B17C21C} = {813495A3-956D-46E1-B3F0-27B061B5527A}
		{EF1E8D26-5FB8-477B-98F4-87E7AC6B6888} = {813495A3-956D-46E1-B3F0-27B061B5527A}
		{E56F09D5-61AA-4FC9-8969-D67CEF94DD3E} = {813495A3-956D-46E1-B3F0-27B061B5527A}
		{96AAD287-A377-4C3D-BA9C-D5CB99E64F9F} = {813495A3-956D-46E1-B3F0-27B061B5527A}
		{CD8CCEBE-4B92-4BED-B652-CA7FBFBF89E9} = {813495A3-956D-46E1-B3F0-27B061B5527A}
		{404943F8-0F03-46F5-A27B-ADF9309FFDA6} = {813495A3-956D-46E1-B3F0-27B061B5527A}
		{19F1E7DC-1627-487A-8173-9F63B1DB817C} = {813495A3-956D-46E1-B3F0-27B061B5527A}
		{954C798A-0C24-4570-BCA6-91B4B7DBEFD6} = {C1DB2FD5-1020-4458-B396-EB42040CB2F7}
		{ADACC5A3-915C-4135-B9EA-7603D8DA09D8} = {1627FBDB-D8C2-4D07-8187-824F47A88A5A}
		{A9B1EDD9-2E17-4A08-B84A-7F4C42082F05} = {7C8FE5F5-51ED-44ED-8D15-6A53978F5E3A}
		{5229A80F-2216-43C0-A821-D30F4B3048A5} = {7C8FE5F5-51ED-44ED-8D15-6A53978F5E3A}
		{8D503D66-2D3A-459C-AAAC-72AC023754D3} = {7C8FE5F5-51ED-44ED-8D15-6A53978F5E3A}
		{FE7B8BAA-0625-4482-BDA6-E707595C5AE8} = {7C8FE5F5-51ED-44ED-8D15-6A53978F5E3A}
		{E4FC607D-56CF-45D7-AFEF-87BEED7B00E6} = {7C8FE5F5-51ED-44ED-8D15-6A53978F5E3A}
		{6B9D71B2-C48B-4A06-9D07-B4BB2BD88217} = {7C8FE5F5-51ED-44ED-8D15-6A53978F5E3A}
		{60CC816F-304D-4013-A6AE-039411B73B8E} = {7C8FE5F5-51ED-44ED-8D15-6A53978F5E3A}
		{095998EB-3526-43EB-A1E9-23CAF9FC3BC0} = {7C8FE5F5-51ED-44ED-8D15-6A53978F5E3A}
		{573A0967-29A6-4D26-919B-897D251308EC} = {7C8FE5F5-51ED-44ED-8D15-6A53978F5E3A}
		{5D0DD3F5-CF3C-49E7-B9EE-11BAB41AF9D2} = {7C8FE5F5-51ED-44ED-8D15-6A53978F5E3A}
		{7583D59D-7CBC-4FBC-854A-DFEF014D2F1B} = {7C8FE5F5-51ED-44ED-8D15-6A53978F5E3A}
		{57AEB4D4-D106-498B-AD4B-5503C308F2BB} = {7C8FE5F5-51ED-44ED-8D15-6A53978F5E3A}
		{DC611458-59D1-429D-9006-434B13C61215} = {7C8FE5F5-51ED-44ED-8D15-6A53978F5E3A}
		{92E1EFBE-860E-4D4F-9011-0357AF610D3F} = {7C8FE5F5-51ED-44ED-8D15-6A53978F5E3A}
		{2856929D-BBB1-4093-9696-C73A65ED0E63} = {7C8FE5F5-51ED-44ED-8D15-6A53978F5E3A}
		{02548777-349B-43A2-9CAB-D19EAF310256} = {7C8FE5F5-51ED-44ED-8D15-6A53978F5E3A}
		{6E9F5426-CC37-4163-A825-C6C2D7103DE4} = {7C8FE5F5-51ED-44ED-8D15-6A53978F5E3A}
		{12E4D5A8-AD6D-4D9B-8FAE-F4FBB34AF06B} = {7C8FE5F5-51ED-44ED-8D15-6A53978F5E3A}
		{16D04962-A093-49D4-AAE2-8EF5005BE881} = {7C8FE5F5-51ED-44ED-8D15-6A53978F5E3A}
		{7A263C42-5206-491B-849B-31E13D55A069} = {7C8FE5F5-51ED-44ED-8D15-6A53978F5E3A}
		{D73F117F-33EC-474E-A9F7-224CEA1CD779} = {7C8FE5F5-51ED-44ED-8D15-6A53978F5E3A}
		{670392A4-9A23-41D7-845B-D77C34079DEE} = {7C8FE5F5-51ED-44ED-8D15-6A53978F5E3A}
		{355E76EA-CB73-40EE-948F-D1D123831D8A} = {7C8FE5F5-51ED-44ED-8D15-6A53978F5E3A}
		{58C3EB96-0AB9-4F7A-9378-D920B603E453} = {7C8FE5F5-51ED-44ED-8D15-6A53978F5E3A}
		{7D21B967-635B-4423-9476-1F4A6C53E37E} = {7C8FE5F5-51ED-44ED-8D15-6A53978F5E3A}
		{32B52CEE-5D02-4904-A259-99C64E2043AA} = {7C8FE5F5-51ED-44ED-8D15-6A53978F5E3A}
		{6EA37C86-8CB2-44E0-9E4E-2ED1572ABC78} = {7C8FE5F5-51ED-44ED-8D15-6A53978F5E3A}
		{508BC4C8-8BC1-4ADC-BC29-A90577FC6D12} = {7C8FE5F5-51ED-44ED-8D15-6A53978F5E3A}
		{8D84BBB5-6540-452A-A03C-EECDFD424719} = {7C8FE5F5-51ED-44ED-8D15-6A53978F5E3A}
		{D7F64CD8-5FFC-4453-96E8-A8C2771062AA} = {7C8FE5F5-51ED-44ED-8D15-6A53978F5E3A}
		{C2EC77E2-19A9-4385-9A17-C1111A9D397B} = {1AC55BD6-437A-4D6D-9D38-068766FF4F00}
		{9070E2EE-7826-4F94-A0D5-ECD72B20AE53} = {1AC55BD6-437A-4D6D-9D38-068766FF4F00}
		{8375411A-4644-446B-B07E-7B96D3C2AA04} = {1AC55BD6-437A-4D6D-9D38-068766FF4F00}
		{5EB49C09-0111-4286-B33E-CFE52DB89CF2} = {1AC55BD6-437A-4D6D-9D38-068766FF4F00}
		{74AB21DF-FF0A-4B63-A511-744BDF7778FD} = {1AC55BD6-437A-4D6D-9D38-068766FF4F00}
		{E2265DFC-6261-43D0-802A-B4EB3F5E5A20} = {1AC55BD6-437A-4D6D-9D38-068766FF4F00}
		{BE01A243-459B-4E8F-A330-EB353D72B99F} = {1AC55BD6-437A-4D6D-9D38-068766FF4F00}
		{9C3FE873-7F3E-4B65-943C-C759EF376DC5} = {1AC55BD6-437A-4D6D-9D38-068766FF4F00}
		{2CC513EF-FE7B-45C0-A92D-93674F8BCB13} = {1AC55BD6-437A-4D6D-9D38-068766FF4F00}
		{AF0D61B0-13AF-4044-80F6-C1792527C355} = {1AC55BD6-437A-4D6D-9D38-068766FF4F00}
		{EB75EBEB-C48B-4857-9B56-A1EAB289BA54} = {1AC55BD6-437A-4D6D-9D38-068766FF4F00}
		{625F8648-45EC-4188-BFC1-BF1CD9EE5708} = {1AC55BD6-437A-4D6D-9D38-068766FF4F00}
		{F83C7C12-5022-4CEA-9E6B-738A69B6DE70} = {1AC55BD6-437A-4D6D-9D38-068766FF4F00}
		{E9729C14-5573-446C-BCCE-37FEA004C2BF} = {1AC55BD6-437A-4D6D-9D38-068766FF4F00}
		{FAFF97CB-806C-4062-A35C-370CEECB49DD} = {1AC55BD6-437A-4D6D-9D38-068766FF4F00}
		{4652BF8E-0250-4E6F-80BC-F826194348B8} = {1AC55BD6-437A-4D6D-9D38-068766FF4F00}
		{C28963F5-8B0F-467F-8370-D905AC3469AF} = {1AC55BD6-437A-4D6D-9D38-068766FF4F00}
		{4717FC11-65FC-422E-AA2E-ED15BA198D60} = {1AC55BD6-437A-4D6D-9D38-068766FF4F00}
		{F48D406B-468D-4B88-8E5E-85195F30D992} = {1AC55BD6-437A-4D6D-9D38-068766FF4F00}
		{194A404A-14A8-4CDC-8677-4BCD0F164AFE} = {1AC55BD6-437A-4D6D-9D38-068766FF4F00}
		{2E3236B2-F11F-4DB4-98CD-24180FB82305} = {1AC55BD6-437A-4D6D-9D38-068766FF4F00}
		{A0A588DF-E978-4095-9835-E75FA7688779} = {1AC55BD6-437A-4D6D-9D38-068766FF4F00}
		{EACC55C3-A963-46BA-88F0-693BC3319D02} = {1AC55BD6-437A-4D6D-9D38-068766FF4F00}
		{5E5B3685-14C3-44D8-AF9A-836B81DAD95B} = {1AC55BD6-437A-4D6D-9D38-068766FF4F00}
		{BE9E6472-7AD6-4582-AB8E-502DCDF0C59B} = {1AC55BD6-437A-4D6D-9D38-068766FF4F00}
		{7DA7BD9F-B016-4FD9-906A-4D657BD53A2D} = {1AC55BD6-437A-4D6D-9D38-068766FF4F00}
		{65C46CE2-D92F-4FF8-B27D-0925BA149394} = {1AC55BD6-437A-4D6D-9D38-068766FF4F00}
	EndGlobalSection
	GlobalSection(ExtensibilityGlobals) = postSolution
		SolutionGuid = {C685CC52-2105-4DA8-B34F-BD5C25B32492}
	EndGlobalSection
EndGlobal
