
Microsoft Visual Studio Solution File, Format Version 12.00
# Visual Studio 15
VisualStudioVersion = 15.0.26730.3
MinimumVisualStudioVersion = 10.0.40219.1
Project("{2150E333-8FDC-42A3-9474-1A3956D46DE8}") = "02Redis系列", "02Redis系列", "{813495A3-956D-46E1-B3F0-27B061B5527A}"
EndProject
Project("{FAE04EC0-301F-11D3-BF4B-00C04F79EFBC}") = "01.redis整体概况介绍以及在出现之前所面临的一些生产场景的问题困惑", "02Redis系列\01.redis整体概况介绍以及在出现之前所面临的一些生产场景的问题困惑\01.redis整体概况介绍以及在出现之前所面临的一些生产场景的问题困惑.csproj", "{E03F2A00-3E17-401E-87CD-F352BD4D418D}"
EndProject
Project("{FAE04EC0-301F-11D3-BF4B-00C04F79EFBC}") = "02.快速搭建之如何使用redis在centos和windows环境下配置和初步使用", "02Redis系列\02.快速搭建之如何使用redis在centos和windows环境下配置和初步使用\02.快速搭建之如何使用redis在centos和windows环境下配置和初步使用.csproj", "{74EE4430-268F-46B7-9FD0-185774CBE255}"
EndProject
Project("{2150E333-8FDC-42A3-9474-1A3956D46DE8}") = "Solution Items", "Solution Items", "{1627FBDB-D8C2-4D07-8187-824F47A88A5A}"
	ProjectSection(SolutionItems) = preProject
		术语集合.txt = 术语集合.txt
		模式的归纳与演绎.txt = 模式的归纳与演绎.txt
	EndProjectSection
EndProject
Project("{FAE04EC0-301F-11D3-BF4B-00C04F79EFBC}") = "03.解读强大的redis.conf配置文件在network,general,security等方面的配置和应该注意的事项", "02Redis系列\03.解读强大的redis.conf配置文件在network,general,security等方面的配置和应该注意的事项\03.解读强大的redis.conf配置文件在network,general,security等方面的配置和应该注意的事项.csproj", "{EFEF4C1D-790A-4CAE-A868-F512C38182B5}"
EndProject
Project("{FAE04EC0-301F-11D3-BF4B-00C04F79EFBC}") = "04.驱动尝试之下载Java的jedis和CSharp的StackExchange.Redis驱动连接redis", "02Redis系列\04.驱动尝试之下载Java的jedis和CSharp的StackExchange.Redis驱动连接redis\04.驱动尝试之下载Java的jedis和CSharp的StackExchange.Redis驱动连接redis.csproj", "{D44FF089-C5E8-4F63-826B-0AEB17E8F7DB}"
EndProject
Project("{FAE04EC0-301F-11D3-BF4B-00C04F79EFBC}") = "05.redis源码概况认知之理解SDS,RedisObject,RedisDb,RedisServer四大结构体", "02Redis系列\05.redis源码概况认知之理解SDS,RedisObject,RedisDb,RedisServer四大结构体\05.redis源码概况认知之理解SDS,RedisObject,RedisDb,RedisServer四大结构体.csproj", "{0513653F-CC90-4D48-B4C6-207F380B0C34}"
EndProject
Project("{FAE04EC0-301F-11D3-BF4B-00C04F79EFBC}") = "06.redis数据结构之【String类型】中基本操作命令之[M]Set[NX],[M]Get[NX],Decr,Incr和源码简析", "02Redis系列\06.redis数据结构之【String类型】中基本操作命令之[M]Set[NX],[M]Get[NX],Decr,Incr和源码简析\06.redis数据结构之【String类型】中基本操作命令之[M]Set[NX],[M]Get[NX],Decr,Incr和源码简析.csproj", "{2E5E637B-CB4C-45DC-8A2E-10C944BB641F}"
EndProject
Project("{FAE04EC0-301F-11D3-BF4B-00C04F79EFBC}") = "07.redis数据结构之【String类型】中过期命令PSetEx,和工具命令StrLen,SetRange,和源码", "02Redis系列\07.redis数据结构之【String类型】中过期命令PSetEx,和工具命令StrLen,SetRange,和源码\07.redis数据结构之【String类型】中过期命令PSetEx,和工具命令StrLen,SetRange,和源码.csproj", "{E125AE52-EEBF-4E0A-815B-E394C624F03A}"
EndProject
Project("{FAE04EC0-301F-11D3-BF4B-00C04F79EFBC}") = "08.redis数据结构之【String类型】中二进制【BitCount】命令在我们生产环境中空间压缩实战", "02Redis系列\08.redis数据结构之【String类型】中二进制【BitCount】命令在我们生产环境中空间压缩实战\08.redis数据结构之【String类型】中二进制【BitCount】命令在我们生产环境中空间压缩实战.csproj", "{6A9C6F1D-290B-4D21-9D05-4879016B6448}"
EndProject
Project("{FAE04EC0-301F-11D3-BF4B-00C04F79EFBC}") = "09.redis数据结构之【List双向链表】源码实现中的listNode实现以及常见的LPUSH,LPOP等命令实战", "02Redis系列\09.redis数据结构之【List双向链表】源码实现中的listNode实现以及常见的LPUSH,LPOP等命令实战\09.redis数据结构之【List双向链表】源码实现中的listNode实现以及常见的LPUSH,LPOP等命令实战.csproj", "{8E77386A-5585-438D-8603-EB475ED572FF}"
EndProject
Project("{FAE04EC0-301F-11D3-BF4B-00C04F79EFBC}") = "10.redis数据结构之【List双向链表】中阻塞版本之BLPOP,BRPOP和工具类LIndex,LINSERT,LRange命令介绍", "02Redis系列\10.redis数据结构之【List双向链表】中阻塞版本之BLPOP,BRPOP和工具类LIndex,LINSERT,LRange命令介绍\10.redis数据结构之【List双向链表】中阻塞版本之BLPOP,BRPOP和工具类LIndex,LINSERT,LRange命令介绍.csproj", "{FC30B261-B9F1-4B03-8D9D-223108A5F1BE}"
EndProject
Project("{FAE04EC0-301F-11D3-BF4B-00C04F79EFBC}") = "11.redis数据结构之【Hash表】源码实现之dict,dictht,dictEntry结构体分析以及常用的HGet,命令介绍和源码简析", "02Redis系列\11.redis数据结构之【Hash表】源码实现之dict,dictht,dictEntry结构体分析以及常用的HGet,命令介绍和源码简析\11.redis数据结构之【Hash表】源码实现之dict,dictht,dictEntry结构体分析以及常用的HGet,命令介绍和源码简析.csproj", "{8BF80798-90AB-4C40-A666-27B4478E08E1}"
EndProject
Project("{FAE04EC0-301F-11D3-BF4B-00C04F79EFBC}") = "12.redis数据结构之【Hash表】常用的HDEL,HGET,HGETALL,HKEYS,HLEN等10几个命令介绍", "02Redis系列\12.redis数据结构之【Hash表】常用的HDEL,HGET,HGETALL,HKEYS,HLEN等10几个命令介绍\12.redis数据结构之【Hash表】常用的HDEL,HGET,HGETALL,HKEYS,HLEN等10几个命令介绍.csproj", "{33701449-593D-424E-809D-39B4312824CA}"
EndProject
Project("{FAE04EC0-301F-11D3-BF4B-00C04F79EFBC}") = "13.redis数据结构之【Set集合】真实千人千面智能化推荐场景中SADD,SISMEMBER实现Query高性能实战", "02Redis系列\13.redis数据结构之【Set集合】真实千人千面智能化推荐场景中SADD,SISMEMBER实现Query高性能实战\13.redis数据结构之【Set集合】真实千人千面智能化推荐场景中SADD,SISMEMBER实现Query高性能实战.csproj", "{B031DD0A-8BF4-4A00-B2A4-D6352C8DF3B3}"
EndProject
Project("{FAE04EC0-301F-11D3-BF4B-00C04F79EFBC}") = "14.redis数据结构之【SortedSet跳跃表】常见的ZADD,ZCOUNT,ZREMRangeByRank命令介绍和源码简析", "02Redis系列\14.redis数据结构之【SortedSet跳跃表】常见的ZADD,ZCOUNT,ZREMRangeByRank命令介绍和源码简析\14.redis数据结构之【SortedSet跳跃表】常见的ZADD,ZCOUNT,ZREMRangeByRank命令介绍和源码简析.csproj", "{B23D1F55-ACDA-4687-9F47-9FAD612E6635}"
EndProject
Project("{FAE04EC0-301F-11D3-BF4B-00C04F79EFBC}") = "15.redis数据结构之【HyperLogLog估算基数】和key空间的Sort函数在Redis中的实战", "02Redis系列\15.redis数据结构之【HyperLogLog估算基数】和key空间的Sort函数在Redis中的实战\15.redis数据结构之【HyperLogLog估算基数】和key空间的Sort函数在Redis中的实战.csproj", "{6ED7390B-E67E-4048-963F-77B9572EB703}"
EndProject
Project("{FAE04EC0-301F-11D3-BF4B-00C04F79EFBC}") = "16.transaction事务之如何通过exec,multi,watch在redis中进行简单的commit和rollback操作", "02Redis系列\16.transaction事务之如何通过exec,multi,watch在redis中进行简单的commit和rollback操作\16.transaction事务之如何通过exec,multi,watch在redis中进行简单的commit和rollback操作.csproj", "{18438DFC-356C-4AA8-82C4-FC0A550115DE}"
EndProject
Project("{FAE04EC0-301F-11D3-BF4B-00C04F79EFBC}") = "17.基于观察者模式的publish,subscribe发布订阅模式之Publish,PubSub,[P]Subscribe命令和源码分析", "02Redis系列\17.基于观察者模式的publish,subscribe发布订阅模式之Publish,PubSub,[P]Subscribe命令和源码分析\17.基于观察者模式的publish,subscribe发布订阅模式之Publish,PubSub,[P]Subscribe命令和源码分析.csproj", "{211AD425-A1A7-4B0C-B3FA-4633903286B4}"
EndProject
Project("{FAE04EC0-301F-11D3-BF4B-00C04F79EFBC}") = "18.redis过期键淘汰策略以及实现CacheMemory中的LRU算法和config文件配置解析", "02Redis系列\18.redis过期键淘汰策略以及实现CacheMemory中的LRU算法和config文件配置解析\18.redis过期键淘汰策略以及实现CacheMemory中的LRU算法和config文件配置解析.csproj", "{CA9AB454-0E21-403F-84D0-4B3F1B05AE7E}"
EndProject
Project("{FAE04EC0-301F-11D3-BF4B-00C04F79EFBC}") = "19.batchcommit性能优化之Pipeline管道模式介绍之如何使用使用CSharp和JAVA实现及通过Wireshark监视", "02Redis系列\19.batchcommit性能优化之Pipeline管道模式介绍之如何使用使用CSharp和JAVA实现及通过Wireshark监视\19.batchcommit性能优化之Pipeline管道模式介绍之如何使用使用CSharp和JAVA实现及通过Wireshark监视.csproj", "{DE9D4203-CB95-40F1-A962-83399B17C21C}"
EndProject
Project("{FAE04EC0-301F-11D3-BF4B-00C04F79EFBC}") = "20.使用Lua脚本实现对redis操作的高度自定义化及”集合去重”，“删除hash中小于某个阈值”等使用场景分析和代码展示", "02Redis系列\20.使用Lua脚本实现对redis操作的高度自定义化及”集合去重”，“删除hash中小于某个阈值”等使用场景分析和代码展示\20.使用Lua脚本实现对redis操作的高度自定义化及”集合去重”，“删除hash中小于某个阈值”等使用场景分析和代码展示.csproj", "{EF1E8D26-5FB8-477B-98F4-87E7AC6B6888}"
EndProject
Project("{FAE04EC0-301F-11D3-BF4B-00C04F79EFBC}") = "21.理解redis中的数据持久化原理之两大常用手段【AOF模式和RDB模式】介绍和分析", "02Redis系列\21.理解redis中的数据持久化原理之两大常用手段【AOF模式和RDB模式】介绍和分析\21.理解redis中的数据持久化原理之两大常用手段【AOF模式和RDB模式】介绍和分析.csproj", "{E56F09D5-61AA-4FC9-8969-D67CEF94DD3E}"
EndProject
Project("{FAE04EC0-301F-11D3-BF4B-00C04F79EFBC}") = "22.redis集群操作之通过slaveof和config配置实现master-slave主从复制模式以及使用CSharp语言驱动落地实战", "02Redis系列\22.redis集群操作之通过slaveof和config配置实现master-slave主从复制模式以及使用CSharp语言驱动落地实战\22.redis集群操作之通过slaveof和config配置实现master-slave主从复制模式以及使用CSharp语言驱动落地实战.csproj", "{96AAD287-A377-4C3D-BA9C-D5CB99E64F9F}"
EndProject
Project("{FAE04EC0-301F-11D3-BF4B-00C04F79EFBC}") = "23.redis集群操作之使用四台Centos搭建高可用的sentinel哨兵架构实战", "02Redis系列\23.redis集群操作之使用四台Centos搭建高可用的sentinel哨兵架构实战\23.redis集群操作之使用四台Centos搭建高可用的sentinel哨兵架构实战.csproj", "{CD8CCEBE-4B92-4BED-B652-CA7FBFBF89E9}"
EndProject
Global
	GlobalSection(SolutionConfigurationPlatforms) = preSolution
		Debug|Any CPU = Debug|Any CPU
		Release|Any CPU = Release|Any CPU
	EndGlobalSection
	GlobalSection(ProjectConfigurationPlatforms) = postSolution
		{E03F2A00-3E17-401E-87CD-F352BD4D418D}.Debug|Any CPU.ActiveCfg = Debug|Any CPU
		{E03F2A00-3E17-401E-87CD-F352BD4D418D}.Debug|Any CPU.Build.0 = Debug|Any CPU
		{E03F2A00-3E17-401E-87CD-F352BD4D418D}.Release|Any CPU.ActiveCfg = Release|Any CPU
		{E03F2A00-3E17-401E-87CD-F352BD4D418D}.Release|Any CPU.Build.0 = Release|Any CPU
		{74EE4430-268F-46B7-9FD0-185774CBE255}.Debug|Any CPU.ActiveCfg = Debug|Any CPU
		{74EE4430-268F-46B7-9FD0-185774CBE255}.Debug|Any CPU.Build.0 = Debug|Any CPU
		{74EE4430-268F-46B7-9FD0-185774CBE255}.Release|Any CPU.ActiveCfg = Release|Any CPU
		{74EE4430-268F-46B7-9FD0-185774CBE255}.Release|Any CPU.Build.0 = Release|Any CPU
		{EFEF4C1D-790A-4CAE-A868-F512C38182B5}.Debug|Any CPU.ActiveCfg = Debug|Any CPU
		{EFEF4C1D-790A-4CAE-A868-F512C38182B5}.Debug|Any CPU.Build.0 = Debug|Any CPU
		{EFEF4C1D-790A-4CAE-A868-F512C38182B5}.Release|Any CPU.ActiveCfg = Release|Any CPU
		{EFEF4C1D-790A-4CAE-A868-F512C38182B5}.Release|Any CPU.Build.0 = Release|Any CPU
		{D44FF089-C5E8-4F63-826B-0AEB17E8F7DB}.Debug|Any CPU.ActiveCfg = Debug|Any CPU
		{D44FF089-C5E8-4F63-826B-0AEB17E8F7DB}.Debug|Any CPU.Build.0 = Debug|Any CPU
		{D44FF089-C5E8-4F63-826B-0AEB17E8F7DB}.Release|Any CPU.ActiveCfg = Release|Any CPU
		{D44FF089-C5E8-4F63-826B-0AEB17E8F7DB}.Release|Any CPU.Build.0 = Release|Any CPU
		{0513653F-CC90-4D48-B4C6-207F380B0C34}.Debug|Any CPU.ActiveCfg = Debug|Any CPU
		{0513653F-CC90-4D48-B4C6-207F380B0C34}.Debug|Any CPU.Build.0 = Debug|Any CPU
		{0513653F-CC90-4D48-B4C6-207F380B0C34}.Release|Any CPU.ActiveCfg = Release|Any CPU
		{0513653F-CC90-4D48-B4C6-207F380B0C34}.Release|Any CPU.Build.0 = Release|Any CPU
		{2E5E637B-CB4C-45DC-8A2E-10C944BB641F}.Debug|Any CPU.ActiveCfg = Debug|Any CPU
		{2E5E637B-CB4C-45DC-8A2E-10C944BB641F}.Debug|Any CPU.Build.0 = Debug|Any CPU
		{2E5E637B-CB4C-45DC-8A2E-10C944BB641F}.Release|Any CPU.ActiveCfg = Release|Any CPU
		{2E5E637B-CB4C-45DC-8A2E-10C944BB641F}.Release|Any CPU.Build.0 = Release|Any CPU
		{E125AE52-EEBF-4E0A-815B-E394C624F03A}.Debug|Any CPU.ActiveCfg = Debug|Any CPU
		{E125AE52-EEBF-4E0A-815B-E394C624F03A}.Debug|Any CPU.Build.0 = Debug|Any CPU
		{E125AE52-EEBF-4E0A-815B-E394C624F03A}.Release|Any CPU.ActiveCfg = Release|Any CPU
		{E125AE52-EEBF-4E0A-815B-E394C624F03A}.Release|Any CPU.Build.0 = Release|Any CPU
		{6A9C6F1D-290B-4D21-9D05-4879016B6448}.Debug|Any CPU.ActiveCfg = Debug|Any CPU
		{6A9C6F1D-290B-4D21-9D05-4879016B6448}.Debug|Any CPU.Build.0 = Debug|Any CPU
		{6A9C6F1D-290B-4D21-9D05-4879016B6448}.Release|Any CPU.ActiveCfg = Release|Any CPU
		{6A9C6F1D-290B-4D21-9D05-4879016B6448}.Release|Any CPU.Build.0 = Release|Any CPU
		{8E77386A-5585-438D-8603-EB475ED572FF}.Debug|Any CPU.ActiveCfg = Debug|Any CPU
		{8E77386A-5585-438D-8603-EB475ED572FF}.Debug|Any CPU.Build.0 = Debug|Any CPU
		{8E77386A-5585-438D-8603-EB475ED572FF}.Release|Any CPU.ActiveCfg = Release|Any CPU
		{8E77386A-5585-438D-8603-EB475ED572FF}.Release|Any CPU.Build.0 = Release|Any CPU
		{FC30B261-B9F1-4B03-8D9D-223108A5F1BE}.Debug|Any CPU.ActiveCfg = Debug|Any CPU
		{FC30B261-B9F1-4B03-8D9D-223108A5F1BE}.Debug|Any CPU.Build.0 = Debug|Any CPU
		{FC30B261-B9F1-4B03-8D9D-223108A5F1BE}.Release|Any CPU.ActiveCfg = Release|Any CPU
		{FC30B261-B9F1-4B03-8D9D-223108A5F1BE}.Release|Any CPU.Build.0 = Release|Any CPU
		{8BF80798-90AB-4C40-A666-27B4478E08E1}.Debug|Any CPU.ActiveCfg = Debug|Any CPU
		{8BF80798-90AB-4C40-A666-27B4478E08E1}.Debug|Any CPU.Build.0 = Debug|Any CPU
		{8BF80798-90AB-4C40-A666-27B4478E08E1}.Release|Any CPU.ActiveCfg = Release|Any CPU
		{8BF80798-90AB-4C40-A666-27B4478E08E1}.Release|Any CPU.Build.0 = Release|Any CPU
		{33701449-593D-424E-809D-39B4312824CA}.Debug|Any CPU.ActiveCfg = Debug|Any CPU
		{33701449-593D-424E-809D-39B4312824CA}.Debug|Any CPU.Build.0 = Debug|Any CPU
		{33701449-593D-424E-809D-39B4312824CA}.Release|Any CPU.ActiveCfg = Release|Any CPU
		{33701449-593D-424E-809D-39B4312824CA}.Release|Any CPU.Build.0 = Release|Any CPU
		{B031DD0A-8BF4-4A00-B2A4-D6352C8DF3B3}.Debug|Any CPU.ActiveCfg = Debug|Any CPU
		{B031DD0A-8BF4-4A00-B2A4-D6352C8DF3B3}.Debug|Any CPU.Build.0 = Debug|Any CPU
		{B031DD0A-8BF4-4A00-B2A4-D6352C8DF3B3}.Release|Any CPU.ActiveCfg = Release|Any CPU
		{B031DD0A-8BF4-4A00-B2A4-D6352C8DF3B3}.Release|Any CPU.Build.0 = Release|Any CPU
		{B23D1F55-ACDA-4687-9F47-9FAD612E6635}.Debug|Any CPU.ActiveCfg = Debug|Any CPU
		{B23D1F55-ACDA-4687-9F47-9FAD612E6635}.Debug|Any CPU.Build.0 = Debug|Any CPU
		{B23D1F55-ACDA-4687-9F47-9FAD612E6635}.Release|Any CPU.ActiveCfg = Release|Any CPU
		{B23D1F55-ACDA-4687-9F47-9FAD612E6635}.Release|Any CPU.Build.0 = Release|Any CPU
		{6ED7390B-E67E-4048-963F-77B9572EB703}.Debug|Any CPU.ActiveCfg = Debug|Any CPU
		{6ED7390B-E67E-4048-963F-77B9572EB703}.Debug|Any CPU.Build.0 = Debug|Any CPU
		{6ED7390B-E67E-4048-963F-77B9572EB703}.Release|Any CPU.ActiveCfg = Release|Any CPU
		{6ED7390B-E67E-4048-963F-77B9572EB703}.Release|Any CPU.Build.0 = Release|Any CPU
		{18438DFC-356C-4AA8-82C4-FC0A550115DE}.Debug|Any CPU.ActiveCfg = Debug|Any CPU
		{18438DFC-356C-4AA8-82C4-FC0A550115DE}.Debug|Any CPU.Build.0 = Debug|Any CPU
		{18438DFC-356C-4AA8-82C4-FC0A550115DE}.Release|Any CPU.ActiveCfg = Release|Any CPU
		{18438DFC-356C-4AA8-82C4-FC0A550115DE}.Release|Any CPU.Build.0 = Release|Any CPU
		{211AD425-A1A7-4B0C-B3FA-4633903286B4}.Debug|Any CPU.ActiveCfg = Debug|Any CPU
		{211AD425-A1A7-4B0C-B3FA-4633903286B4}.Debug|Any CPU.Build.0 = Debug|Any CPU
		{211AD425-A1A7-4B0C-B3FA-4633903286B4}.Release|Any CPU.ActiveCfg = Release|Any CPU
		{211AD425-A1A7-4B0C-B3FA-4633903286B4}.Release|Any CPU.Build.0 = Release|Any CPU
		{CA9AB454-0E21-403F-84D0-4B3F1B05AE7E}.Debug|Any CPU.ActiveCfg = Debug|Any CPU
		{CA9AB454-0E21-403F-84D0-4B3F1B05AE7E}.Debug|Any CPU.Build.0 = Debug|Any CPU
		{CA9AB454-0E21-403F-84D0-4B3F1B05AE7E}.Release|Any CPU.ActiveCfg = Release|Any CPU
		{CA9AB454-0E21-403F-84D0-4B3F1B05AE7E}.Release|Any CPU.Build.0 = Release|Any CPU
		{DE9D4203-CB95-40F1-A962-83399B17C21C}.Debug|Any CPU.ActiveCfg = Debug|Any CPU
		{DE9D4203-CB95-40F1-A962-83399B17C21C}.Debug|Any CPU.Build.0 = Debug|Any CPU
		{DE9D4203-CB95-40F1-A962-83399B17C21C}.Release|Any CPU.ActiveCfg = Release|Any CPU
		{DE9D4203-CB95-40F1-A962-83399B17C21C}.Release|Any CPU.Build.0 = Release|Any CPU
		{EF1E8D26-5FB8-477B-98F4-87E7AC6B6888}.Debug|Any CPU.ActiveCfg = Debug|Any CPU
		{EF1E8D26-5FB8-477B-98F4-87E7AC6B6888}.Debug|Any CPU.Build.0 = Debug|Any CPU
		{EF1E8D26-5FB8-477B-98F4-87E7AC6B6888}.Release|Any CPU.ActiveCfg = Release|Any CPU
		{EF1E8D26-5FB8-477B-98F4-87E7AC6B6888}.Release|Any CPU.Build.0 = Release|Any CPU
		{E56F09D5-61AA-4FC9-8969-D67CEF94DD3E}.Debug|Any CPU.ActiveCfg = Debug|Any CPU
		{E56F09D5-61AA-4FC9-8969-D67CEF94DD3E}.Debug|Any CPU.Build.0 = Debug|Any CPU
		{E56F09D5-61AA-4FC9-8969-D67CEF94DD3E}.Release|Any CPU.ActiveCfg = Release|Any CPU
		{E56F09D5-61AA-4FC9-8969-D67CEF94DD3E}.Release|Any CPU.Build.0 = Release|Any CPU
		{96AAD287-A377-4C3D-BA9C-D5CB99E64F9F}.Debug|Any CPU.ActiveCfg = Debug|Any CPU
		{96AAD287-A377-4C3D-BA9C-D5CB99E64F9F}.Debug|Any CPU.Build.0 = Debug|Any CPU
		{96AAD287-A377-4C3D-BA9C-D5CB99E64F9F}.Release|Any CPU.ActiveCfg = Release|Any CPU
		{96AAD287-A377-4C3D-BA9C-D5CB99E64F9F}.Release|Any CPU.Build.0 = Release|Any CPU
		{CD8CCEBE-4B92-4BED-B652-CA7FBFBF89E9}.Debug|Any CPU.ActiveCfg = Debug|Any CPU
		{CD8CCEBE-4B92-4BED-B652-CA7FBFBF89E9}.Debug|Any CPU.Build.0 = Debug|Any CPU
		{CD8CCEBE-4B92-4BED-B652-CA7FBFBF89E9}.Release|Any CPU.ActiveCfg = Release|Any CPU
		{CD8CCEBE-4B92-4BED-B652-CA7FBFBF89E9}.Release|Any CPU.Build.0 = Release|Any CPU
	EndGlobalSection
	GlobalSection(SolutionProperties) = preSolution
		HideSolutionNode = FALSE
	EndGlobalSection
	GlobalSection(NestedProjects) = preSolution
		{E03F2A00-3E17-401E-87CD-F352BD4D418D} = {813495A3-956D-46E1-B3F0-27B061B5527A}
		{74EE4430-268F-46B7-9FD0-185774CBE255} = {813495A3-956D-46E1-B3F0-27B061B5527A}
		{EFEF4C1D-790A-4CAE-A868-F512C38182B5} = {813495A3-956D-46E1-B3F0-27B061B5527A}
		{D44FF089-C5E8-4F63-826B-0AEB17E8F7DB} = {813495A3-956D-46E1-B3F0-27B061B5527A}
		{0513653F-CC90-4D48-B4C6-207F380B0C34} = {813495A3-956D-46E1-B3F0-27B061B5527A}
		{2E5E637B-CB4C-45DC-8A2E-10C944BB641F} = {813495A3-956D-46E1-B3F0-27B061B5527A}
		{E125AE52-EEBF-4E0A-815B-E394C624F03A} = {813495A3-956D-46E1-B3F0-27B061B5527A}
		{6A9C6F1D-290B-4D21-9D05-4879016B6448} = {813495A3-956D-46E1-B3F0-27B061B5527A}
		{8E77386A-5585-438D-8603-EB475ED572FF} = {813495A3-956D-46E1-B3F0-27B061B5527A}
		{FC30B261-B9F1-4B03-8D9D-223108A5F1BE} = {813495A3-956D-46E1-B3F0-27B061B5527A}
		{8BF80798-90AB-4C40-A666-27B4478E08E1} = {813495A3-956D-46E1-B3F0-27B061B5527A}
		{33701449-593D-424E-809D-39B4312824CA} = {813495A3-956D-46E1-B3F0-27B061B5527A}
		{B031DD0A-8BF4-4A00-B2A4-D6352C8DF3B3} = {813495A3-956D-46E1-B3F0-27B061B5527A}
		{B23D1F55-ACDA-4687-9F47-9FAD612E6635} = {813495A3-956D-46E1-B3F0-27B061B5527A}
		{6ED7390B-E67E-4048-963F-77B9572EB703} = {813495A3-956D-46E1-B3F0-27B061B5527A}
		{18438DFC-356C-4AA8-82C4-FC0A550115DE} = {813495A3-956D-46E1-B3F0-27B061B5527A}
		{211AD425-A1A7-4B0C-B3FA-4633903286B4} = {813495A3-956D-46E1-B3F0-27B061B5527A}
		{CA9AB454-0E21-403F-84D0-4B3F1B05AE7E} = {813495A3-956D-46E1-B3F0-27B061B5527A}
		{DE9D4203-CB95-40F1-A962-83399B17C21C} = {813495A3-956D-46E1-B3F0-27B061B5527A}
		{EF1E8D26-5FB8-477B-98F4-87E7AC6B6888} = {813495A3-956D-46E1-B3F0-27B061B5527A}
		{E56F09D5-61AA-4FC9-8969-D67CEF94DD3E} = {813495A3-956D-46E1-B3F0-27B061B5527A}
		{96AAD287-A377-4C3D-BA9C-D5CB99E64F9F} = {813495A3-956D-46E1-B3F0-27B061B5527A}
		{CD8CCEBE-4B92-4BED-B652-CA7FBFBF89E9} = {813495A3-956D-46E1-B3F0-27B061B5527A}
	EndGlobalSection
	GlobalSection(ExtensibilityGlobals) = postSolution
		SolutionGuid = {C685CC52-2105-4DA8-B34F-BD5C25B32492}
	EndGlobalSection
EndGlobal
